// !$*UTF8*$!
{
	archiveVersion = 1;
	classes = {
	};
	objectVersion = 46;
	objects = {

/* Begin PBXBuildFile section */
		71BFF88C1D1CF08A00FA2DFF /* AppDelegate.swift in Sources */ = {isa = PBXBuildFile; fileRef = 71BFF88B1D1CF08A00FA2DFF /* AppDelegate.swift */; };
		71BFF88E1D1CF08A00FA2DFF /* Assets.xcassets in Resources */ = {isa = PBXBuildFile; fileRef = 71BFF88D1D1CF08A00FA2DFF /* Assets.xcassets */; };
		71BFF8911D1CF08A00FA2DFF /* MainMenu.xib in Resources */ = {isa = PBXBuildFile; fileRef = 71BFF88F1D1CF08A00FA2DFF /* MainMenu.xib */; };
		71BFF8991D1D6DBA00FA2DFF /* AppIcon.png in Resources */ = {isa = PBXBuildFile; fileRef = 71BFF8981D1D6DBA00FA2DFF /* AppIcon.png */; };
/* End PBXBuildFile section */

/* Begin PBXFileReference section */
		71BFF8881D1CF08900FA2DFF /* Window.app */ = {isa = PBXFileReference; explicitFileType = wrapper.application; includeInIndex = 0; path = Window.app; sourceTree = BUILT_PRODUCTS_DIR; };
		71BFF88B1D1CF08A00FA2DFF /* AppDelegate.swift */ = {isa = PBXFileReference; lastKnownFileType = sourcecode.swift; path = AppDelegate.swift; sourceTree = "<group>"; };
		71BFF88D1D1CF08A00FA2DFF /* Assets.xcassets */ = {isa = PBXFileReference; lastKnownFileType = folder.assetcatalog; path = Assets.xcassets; sourceTree = "<group>"; };
		71BFF8901D1CF08A00FA2DFF /* Base */ = {isa = PBXFileReference; lastKnownFileType = file.xib; name = Base; path = Base.lproj/MainMenu.xib; sourceTree = "<group>"; };
		71BFF8921D1CF08A00FA2DFF /* Info.plist */ = {isa = PBXFileReference; lastKnownFileType = text.plist.xml; path = Info.plist; sourceTree = "<group>"; };
		71BFF8981D1D6DBA00FA2DFF /* AppIcon.png */ = {isa = PBXFileReference; lastKnownFileType = image.png; path = AppIcon.png; sourceTree = "<group>"; };
/* End PBXFileReference section */

/* Begin PBXFrameworksBuildPhase section */
		71BFF8851D1CF08900FA2DFF /* Frameworks */ = {
			isa = PBXFrameworksBuildPhase;
			buildActionMask = 2147483647;
			files = (
			);
			runOnlyForDeploymentPostprocessing = 0;
		};
/* End PBXFrameworksBuildPhase section */

/* Begin PBXGroup section */
		71BFF87F1D1CF08900FA2DFF = {
			isa = PBXGroup;
			children = (
				71BFF88A1D1CF08900FA2DFF /* Window */,
				71BFF8891D1CF08900FA2DFF /* Products */,
			);
			sourceTree = "<group>";
		};
		71BFF8891D1CF08900FA2DFF /* Products */ = {
			isa = PBXGroup;
			children = (
				71BFF8881D1CF08900FA2DFF /* Window.app */,
			);
			name = Products;
			sourceTree = "<group>";
		};
		71BFF88A1D1CF08900FA2DFF /* Window */ = {
			isa = PBXGroup;
			children = (
				71BFF88B1D1CF08A00FA2DFF /* AppDelegate.swift */,
				71BFF88D1D1CF08A00FA2DFF /* Assets.xcassets */,
				71BFF8981D1D6DBA00FA2DFF /* AppIcon.png */,
				71BFF88F1D1CF08A00FA2DFF /* MainMenu.xib */,
				71BFF8921D1CF08A00FA2DFF /* Info.plist */,
			);
			path = Window;
			sourceTree = "<group>";
		};
/* End PBXGroup section */

/* Begin PBXNativeTarget section */
		71BFF8871D1CF08900FA2DFF /* Window */ = {
			isa = PBXNativeTarget;
			buildConfigurationList = 71BFF8951D1CF08A00FA2DFF /* Build configuration list for PBXNativeTarget "Window" */;
			buildPhases = (
				71BFF8841D1CF08900FA2DFF /* Sources */,
				71BFF8851D1CF08900FA2DFF /* Frameworks */,
				71BFF8861D1CF08900FA2DFF /* Resources */,
			);
			buildRules = (
			);
			dependencies = (
			);
			name = Window;
			productName = Window;
			productReference = 71BFF8881D1CF08900FA2DFF /* Window.app */;
			productType = "com.apple.product-type.application";
		};
/* End PBXNativeTarget section */

/* Begin PBXProject section */
		71BFF8801D1CF08900FA2DFF /* Project object */ = {
			isa = PBXProject;
			attributes = {
				LastSwiftUpdateCheck = 0730;
				LastUpgradeCheck = 0730;
				ORGANIZATIONNAME = "http://www.macdev.io";
				TargetAttributes = {
					71BFF8871D1CF08900FA2DFF = {
						CreatedOnToolsVersion = 7.3.1;
						LastSwiftMigration = 0900;
					};
				};
			};
			buildConfigurationList = 71BFF8831D1CF08900FA2DFF /* Build configuration list for PBXProject "Window" */;
			compatibilityVersion = "Xcode 3.2";
			developmentRegion = English;
			hasScannedForEncodings = 0;
			knownRegions = (
				en,
				Base,
			);
			mainGroup = 71BFF87F1D1CF08900FA2DFF;
			productRefGroup = 71BFF8891D1CF08900FA2DFF /* Products */;
			projectDirPath = "";
			projectRoot = "";
			targets = (
				71BFF8871D1CF08900FA2DFF /* Window */,
			);
		};
/* End PBXProject section */

/* Begin PBXResourcesBuildPhase section */
		71BFF8861D1CF08900FA2DFF /* Resources */ = {
			isa = PBXResourcesBuildPhase;
			buildActionMask = 2147483647;
			files = (
				71BFF88E1D1CF08A00FA2DFF /* Assets.xcassets in Resources */,
				71BFF8911D1CF08A00FA2DFF /* MainMenu.xib in Resources */,
				71BFF8991D1D6DBA00FA2DFF /* AppIcon.png in Resources */,
			);
			runOnlyForDeploymentPostprocessing = 0;
		};
/* End PBXResourcesBuildPhase section */

/* Begin PBXSourcesBuildPhase section */
		71BFF8841D1CF08900FA2DFF /* Sources */ = {
			isa = PBXSourcesBuildPhase;
			buildActionMask = 2147483647;
			files = (
				71BFF88C1D1CF08A00FA2DFF /* AppDelegate.swift in Sources */,
			);
			runOnlyForDeploymentPostprocessing = 0;
		};
/* End PBXSourcesBuildPhase section */

/* Begin PBXVariantGroup section */
		71BFF88F1D1CF08A00FA2DFF /* MainMenu.xib */ = {
			isa = PBXVariantGroup;
			children = (
				71BFF8901D1CF08A00FA2DFF /* Base */,
			);
			name = MainMenu.xib;
			sourceTree = "<group>";
		};
/* End PBXVariantGroup section */

/* Begin XCBuildConfiguration section */
		71BFF8931D1CF08A00FA2DFF /* Debug */ = {
			isa = XCBuildConfiguration;
			buildSettings = {
				ALWAYS_SEARCH_USER_PATHS = NO;
				CLANG_ANALYZER_NONNULL = YES;
				CLANG_CXX_LANGUAGE_STANDARD = "gnu++0x";
				CLANG_CXX_LIBRARY = "libc++";
				CLANG_ENABLE_MODULES = YES;
				CLANG_ENABLE_OBJC_ARC = YES;
				CLANG_WARN_BOOL_CONVERSION = YES;
				CLANG_WARN_CONSTANT_CONVERSION = YES;
				CLANG_WARN_DIRECT_OBJC_ISA_USAGE = YES_ERROR;
				CLANG_WARN_EMPTY_BODY = YES;
				CLANG_WARN_ENUM_CONVERSION = YES;
				CLANG_WARN_INT_CONVERSION = YES;
				CLANG_WARN_OBJC_ROOT_CLASS = YES_ERROR;
				CLANG_WARN_UNREACHABLE_CODE = YES;
				CLANG_WARN__DUPLICATE_METHOD_MATCH = YES;
				CODE_SIGN_IDENTITY = "-";
				COPY_PHASE_STRIP = NO;
				DEBUG_INFORMATION_FORMAT = dwarf;
				ENABLE_STRICT_OBJC_MSGSEND = YES;
				ENABLE_TESTABILITY = YES;
				GCC_C_LANGUAGE_STANDARD = gnu99;
				GCC_DYNAMIC_NO_PIC = NO;
				GCC_NO_COMMON_BLOCKS = YES;
				GCC_OPTIMIZATION_LEVEL = 0;
				GCC_PREPROCESSOR_DEFINITIONS = (
					"DEBUG=1",
					"$(inherited)",
				);
				GCC_WARN_64_TO_32_BIT_CONVERSION = YES;
				GCC_WARN_ABOUT_RETURN_TYPE = YES_ERROR;
				GCC_WARN_UNDECLARED_SELECTOR = YES;
				GCC_WARN_UNINITIALIZED_AUTOS = YES_AGGRESSIVE;
				GCC_WARN_UNUSED_FUNCTION = YES;
				GCC_WARN_UNUSED_VARIABLE = YES;
				MACOSX_DEPLOYMENT_TARGET = 10.11;
				MTL_ENABLE_DEBUG_INFO = YES;
				ONLY_ACTIVE_ARCH = YES;
				SDKROOT = macosx;
				SWIFT_OPTIMIZATION_LEVEL = "-Onone";
			};
			name = Debug;
		};
		71BFF8941D1CF08A00FA2DFF /* Release */ = {
			isa = XCBuildConfiguration;
			buildSettings = {
				ALWAYS_SEARCH_USER_PATHS = NO;
				CLANG_ANALYZER_NONNULL = YES;
				CLANG_CXX_LANGUAGE_STANDARD = "gnu++0x";
				CLANG_CXX_LIBRARY = "libc++";
				CLANG_ENABLE_MODULES = YES;
				CLANG_ENABLE_OBJC_ARC = YES;
				CLANG_WARN_BOOL_CONVERSION = YES;
				CLANG_WARN_CONSTANT_CONVERSION = YES;
				CLANG_WARN_DIRECT_OBJC_ISA_USAGE = YES_ERROR;
				CLANG_WARN_EMPTY_BODY = YES;
				CLANG_WARN_ENUM_CONVERSION = YES;
				CLANG_WARN_INT_CONVERSION = YES;
				CLANG_WARN_OBJC_ROOT_CLASS = YES_ERROR;
				CLANG_WARN_UNREACHABLE_CODE = YES;
				CLANG_WARN__DUPLICATE_METHOD_MATCH = YES;
				CODE_SIGN_IDENTITY = "-";
				COPY_PHASE_STRIP = NO;
				DEBUG_INFORMATION_FORMAT = "dwarf-with-dsym";
				ENABLE_NS_ASSERTIONS = NO;
				ENABLE_STRICT_OBJC_MSGSEND = YES;
				GCC_C_LANGUAGE_STANDARD = gnu99;
				GCC_NO_COMMON_BLOCKS = YES;
				GCC_WARN_64_TO_32_BIT_CONVERSION = YES;
				GCC_WARN_ABOUT_RETURN_TYPE = YES_ERROR;
				GCC_WARN_UNDECLARED_SELECTOR = YES;
				GCC_WARN_UNINITIALIZED_AUTOS = YES_AGGRESSIVE;
				GCC_WARN_UNUSED_FUNCTION = YES;
				GCC_WARN_UNUSED_VARIABLE = YES;
				MACOSX_DEPLOYMENT_TARGET = 10.11;
				MTL_ENABLE_DEBUG_INFO = NO;
				SDKROOT = macosx;
			};
			name = Release;
		};
		71BFF8961D1CF08A00FA2DFF /* Debug */ = {
			isa = XCBuildConfiguration;
			buildSettings = {
				ASSETCATALOG_COMPILER_APPICON_NAME = AppIcon;
				CODE_SIGN_IDENTITY = "";
				COMBINE_HIDPI_IMAGES = YES;
				INFOPLIST_FILE = Window/Info.plist;
				LD_RUNPATH_SEARCH_PATHS = "$(inherited) @executable_path/../Frameworks";
				PRODUCT_BUNDLE_IDENTIFIER = macdev.io.Window;
				PRODUCT_NAME = "$(TARGET_NAME)";
				SWIFT_SWIFT3_OBJC_INFERENCE = On;
				SWIFT_VERSION = 4.0;
			};
			name = Debug;
		};
		71BFF8971D1CF08A00FA2DFF /* Release */ = {
			isa = XCBuildConfiguration;
			buildSettings = {
				ASSETCATALOG_COMPILER_APPICON_NAME = AppIcon;
				CODE_SIGN_IDENTITY = "";
				COMBINE_HIDPI_IMAGES = YES;
				INFOPLIST_FILE = Window/Info.plist;
				LD_RUNPATH_SEARCH_PATHS = "$(inherited) @executable_path/../Frameworks";
				PRODUCT_BUNDLE_IDENTIFIER = macdev.io.Window;
				PRODUCT_NAME = "$(TARGET_NAME)";
				SWIFT_SWIFT3_OBJC_INFERENCE = On;
				SWIFT_VERSION = 4.0;
			};
			name = Release;
		};
/* End XCBuildConfiguration section */

/* Begin XCConfigurationList section */
		71BFF8831D1CF08900FA2DFF /* Build configuration list for PBXProject "Window" */ = {
			isa = XCConfigurationList;
			buildConfigurations = (
				71BFF8931D1CF08A00FA2DFF /* Debug */,
				71BFF8941D1CF08A00FA2DFF /* Release */,
			);
			defaultConfigurationIsVisible = 0;
			defaultConfigurationName = Release;
		};
		71BFF8951D1CF08A00FA2DFF /* Build configuration list for PBXNativeTarget "Window" */ = {
			isa = XCConfigurationList;
			buildConfigurations = (
				71BFF8961D1CF08A00FA2DFF /* Debug */,
				71BFF8971D1CF08A00FA2DFF /* Release */,
			);
			defaultConfigurationIsVisible = 0;
			defaultConfigurationName = Release;
		};
/* End XCConfigurationList section */
	};
	rootObject = 71BFF8801D1CF08900FA2DFF /* Project object */;
}
