// !$*UTF8*$!
{
	archiveVersion = 1;
	classes = {
	};
	objectVersion = 46;
	objects = {

/* Begin PBXBuildFile section */
		71773A681D3FA8C5009B5043 /* AppDelegate.swift in Sources */ = {isa = PBXBuildFile; fileRef = 71773A671D3FA8C5009B5043 /* AppDelegate.swift */; };
		71773A6A1D3FA8C5009B5043 /* ViewController.swift in Sources */ = {isa = PBXBuildFile; fileRef = 71773A691D3FA8C5009B5043 /* ViewController.swift */; };
		71773A6C1D3FA8C5009B5043 /* Assets.xcassets in Resources */ = {isa = PBXBuildFile; fileRef = 71773A6B1D3FA8C5009B5043 /* Assets.xcassets */; };
		71773A6F1D3FA8C5009B5043 /* Main.storyboard in Resources */ = {isa = PBXBuildFile; fileRef = 71773A6D1D3FA8C5009B5043 /* Main.storyboard */; };
		71773A771D3FA972009B5043 /* WindowController.swift in Sources */ = {isa = PBXBuildFile; fileRef = 71773A761D3FA972009B5043 /* WindowController.swift */; };
		71773A791D3FAD31009B5043 /* SplitViewController.swift in Sources */ = {isa = PBXBuildFile; fileRef = 71773A781D3FAD31009B5043 /* SplitViewController.swift */; };
/* End PBXBuildFile section */

/* Begin PBXFileReference section */
		71773A641D3FA8C5009B5043 /* NSSplitViewCollapse.app */ = {isa = PBXFileReference; explicitFileType = wrapper.application; includeInIndex = 0; path = NSSplitViewCollapse.app; sourceTree = BUILT_PRODUCTS_DIR; };
		71773A671D3FA8C5009B5043 /* AppDelegate.swift */ = {isa = PBXFileReference; lastKnownFileType = sourcecode.swift; path = AppDelegate.swift; sourceTree = "<group>"; };
		71773A691D3FA8C5009B5043 /* ViewController.swift */ = {isa = PBXFileReference; lastKnownFileType = sourcecode.swift; path = ViewController.swift; sourceTree = "<group>"; };
		71773A6B1D3FA8C5009B5043 /* Assets.xcassets */ = {isa = PBXFileReference; lastKnownFileType = folder.assetcatalog; path = Assets.xcassets; sourceTree = "<group>"; };
		71773A6E1D3FA8C5009B5043 /* Base */ = {isa = PBXFileReference; lastKnownFileType = file.storyboard; name = Base; path = Base.lproj/Main.storyboard; sourceTree = "<group>"; };
		71773A701D3FA8C5009B5043 /* Info.plist */ = {isa = PBXFileReference; lastKnownFileType = text.plist.xml; path = Info.plist; sourceTree = "<group>"; };
		71773A761D3FA972009B5043 /* WindowController.swift */ = {isa = PBXFileReference; fileEncoding = 4; lastKnownFileType = sourcecode.swift; path = WindowController.swift; sourceTree = "<group>"; };
		71773A781D3FAD31009B5043 /* SplitViewController.swift */ = {isa = PBXFileReference; fileEncoding = 4; lastKnownFileType = sourcecode.swift; path = SplitViewController.swift; sourceTree = "<group>"; };
/* End PBXFileReference section */

/* Begin PBXFrameworksBuildPhase section */
		71773A611D3FA8C5009B5043 /* Frameworks */ = {
			isa = PBXFrameworksBuildPhase;
			buildActionMask = 2147483647;
			files = (
			);
			runOnlyForDeploymentPostprocessing = 0;
		};
/* End PBXFrameworksBuildPhase section */

/* Begin PBXGroup section */
		71773A5B1D3FA8C5009B5043 = {
			isa = PBXGroup;
			children = (
				71773A661D3FA8C5009B5043 /* NSSplitViewCollapse */,
				71773A651D3FA8C5009B5043 /* Products */,
			);
			sourceTree = "<group>";
		};
		71773A651D3FA8C5009B5043 /* Products */ = {
			isa = PBXGroup;
			children = (
				71773A641D3FA8C5009B5043 /* NSSplitViewCollapse.app */,
			);
			name = Products;
			sourceTree = "<group>";
		};
		71773A661D3FA8C5009B5043 /* NSSplitViewCollapse */ = {
			isa = PBXGroup;
			children = (
				71773A671D3FA8C5009B5043 /* AppDelegate.swift */,
				71773A691D3FA8C5009B5043 /* ViewController.swift */,
				71773A6B1D3FA8C5009B5043 /* Assets.xcassets */,
				71773A6D1D3FA8C5009B5043 /* Main.storyboard */,
				71773A701D3FA8C5009B5043 /* Info.plist */,
				71773A761D3FA972009B5043 /* WindowController.swift */,
				71773A781D3FAD31009B5043 /* SplitViewController.swift */,
			);
			path = NSSplitViewCollapse;
			sourceTree = "<group>";
		};
/* End PBXGroup section */

/* Begin PBXNativeTarget section */
		71773A631D3FA8C5009B5043 /* NSSplitViewCollapse */ = {
			isa = PBXNativeTarget;
			buildConfigurationList = 71773A731D3FA8C5009B5043 /* Build configuration list for PBXNativeTarget "NSSplitViewCollapse" */;
			buildPhases = (
				71773A601D3FA8C5009B5043 /* Sources */,
				71773A611D3FA8C5009B5043 /* Frameworks */,
				71773A621D3FA8C5009B5043 /* Resources */,
			);
			buildRules = (
			);
			dependencies = (
			);
			name = NSSplitViewCollapse;
			productName = NSSplitViewCollapse;
			productReference = 71773A641D3FA8C5009B5043 /* NSSplitViewCollapse.app */;
			productType = "com.apple.product-type.application";
		};
/* End PBXNativeTarget section */

/* Begin PBXProject section */
		71773A5C1D3FA8C5009B5043 /* Project object */ = {
			isa = PBXProject;
			attributes = {
				LastSwiftUpdateCheck = 0800;
				LastUpgradeCheck = 0800;
				ORGANIZATIONNAME = "http://macdev.io";
				TargetAttributes = {
					71773A631D3FA8C5009B5043 = {
						CreatedOnToolsVersion = 8.0;
						DevelopmentTeam = 4NGF9QU6K9;
						DevelopmentTeamName = "junwei zhao";
						ProvisioningStyle = Automatic;
					};
				};
			};
			buildConfigurationList = 71773A5F1D3FA8C5009B5043 /* Build configuration list for PBXProject "NSSplitViewCollapse" */;
			compatibilityVersion = "Xcode 3.2";
			developmentRegion = English;
			hasScannedForEncodings = 0;
			knownRegions = (
				en,
				Base,
			);
			mainGroup = 71773A5B1D3FA8C5009B5043;
			productRefGroup = 71773A651D3FA8C5009B5043 /* Products */;
			projectDirPath = "";
			projectRoot = "";
			targets = (
				71773A631D3FA8C5009B5043 /* NSSplitViewCollapse */,
			);
		};
/* End PBXProject section */

/* Begin PBXResourcesBuildPhase section */
		71773A621D3FA8C5009B5043 /* Resources */ = {
			isa = PBXResourcesBuildPhase;
			buildActionMask = 2147483647;
			files = (
				71773A6C1D3FA8C5009B5043 /* Assets.xcassets in Resources */,
				71773A6F1D3FA8C5009B5043 /* Main.storyboard in Resources */,
			);
			runOnlyForDeploymentPostprocessing = 0;
		};
/* End PBXResourcesBuildPhase section */

/* Begin PBXSourcesBuildPhase section */
		71773A601D3FA8C5009B5043 /* Sources */ = {
			isa = PBXSourcesBuildPhase;
			buildActionMask = 2147483647;
			files = (
				71773A6A1D3FA8C5009B5043 /* ViewController.swift in Sources */,
				71773A771D3FA972009B5043 /* WindowController.swift in Sources */,
				71773A681D3FA8C5009B5043 /* AppDelegate.swift in Sources */,
				71773A791D3FAD31009B5043 /* SplitViewController.swift in Sources */,
			);
			runOnlyForDeploymentPostprocessing = 0;
		};
/* End PBXSourcesBuildPhase section */

/* Begin PBXVariantGroup section */
		71773A6D1D3FA8C5009B5043 /* Main.storyboard */ = {
			isa = PBXVariantGroup;
			children = (
				71773A6E1D3FA8C5009B5043 /* Base */,
			);
			name = Main.storyboard;
			sourceTree = "<group>";
		};
/* End PBXVariantGroup section */

/* Begin XCBuildConfiguration section */
		71773A711D3FA8C5009B5043 /* Debug */ = {
			isa = XCBuildConfiguration;
			buildSettings = {
				ALWAYS_SEARCH_USER_PATHS = NO;
				CLANG_ANALYZER_NONNULL = YES;
				CLANG_CXX_LANGUAGE_STANDARD = "gnu++0x";
				CLANG_CXX_LIBRARY = "libc++";
				CLANG_ENABLE_MODULES = YES;
				CLANG_ENABLE_OBJC_ARC = YES;
				CLANG_WARN_BOOL_CONVERSION = YES;
				CLANG_WARN_CONSTANT_CONVERSION = YES;
				CLANG_WARN_DIRECT_OBJC_ISA_USAGE = YES_ERROR;
				CLANG_WARN_DOCUMENTATION_COMMENTS = YES;
				CLANG_WARN_EMPTY_BODY = YES;
				CLANG_WARN_ENUM_CONVERSION = YES;
				CLANG_WARN_INT_CONVERSION = YES;
				CLANG_WARN_OBJC_ROOT_CLASS = YES_ERROR;
				CLANG_WARN_UNREACHABLE_CODE = YES;
				CLANG_WARN__DUPLICATE_METHOD_MATCH = YES;
				CODE_SIGN_IDENTITY = "-";
				COPY_PHASE_STRIP = NO;
				DEBUG_INFORMATION_FORMAT = dwarf;
				ENABLE_STRICT_OBJC_MSGSEND = YES;
				ENABLE_TESTABILITY = YES;
				GCC_C_LANGUAGE_STANDARD = gnu99;
				GCC_DYNAMIC_NO_PIC = NO;
				GCC_NO_COMMON_BLOCKS = YES;
				GCC_OPTIMIZATION_LEVEL = 0;
				GCC_PREPROCESSOR_DEFINITIONS = (
					"DEBUG=1",
					"$(inherited)",
				);
				GCC_WARN_64_TO_32_BIT_CONVERSION = YES;
				GCC_WARN_ABOUT_RETURN_TYPE = YES_ERROR;
				GCC_WARN_UNDECLARED_SELECTOR = YES;
				GCC_WARN_UNINITIALIZED_AUTOS = YES_AGGRESSIVE;
				GCC_WARN_UNUSED_FUNCTION = YES;
				GCC_WARN_UNUSED_VARIABLE = YES;
				MACOSX_DEPLOYMENT_TARGET = 10.11;
				MTL_ENABLE_DEBUG_INFO = YES;
				ONLY_ACTIVE_ARCH = YES;
				SDKROOT = macosx;
				SWIFT_ACTIVE_COMPILATION_CONDITIONS = DEBUG;
				SWIFT_OPTIMIZATION_LEVEL = "-Onone";
			};
			name = Debug;
		};
		71773A721D3FA8C5009B5043 /* Release */ = {
			isa = XCBuildConfiguration;
			buildSettings = {
				ALWAYS_SEARCH_USER_PATHS = NO;
				CLANG_ANALYZER_NONNULL = YES;
				CLANG_CXX_LANGUAGE_STANDARD = "gnu++0x";
				CLANG_CXX_LIBRARY = "libc++";
				CLANG_ENABLE_MODULES = YES;
				CLANG_ENABLE_OBJC_ARC = YES;
				CLANG_WARN_BOOL_CONVERSION = YES;
				CLANG_WARN_CONSTANT_CONVERSION = YES;
				CLANG_WARN_DIRECT_OBJC_ISA_USAGE = YES_ERROR;
				CLANG_WARN_DOCUMENTATION_COMMENTS = YES;
				CLANG_WARN_EMPTY_BODY = YES;
				CLANG_WARN_ENUM_CONVERSION = YES;
				CLANG_WARN_INT_CONVERSION = YES;
				CLANG_WARN_OBJC_ROOT_CLASS = YES_ERROR;
				CLANG_WARN_UNREACHABLE_CODE = YES;
				CLANG_WARN__DUPLICATE_METHOD_MATCH = YES;
				CODE_SIGN_IDENTITY = "-";
				COPY_PHASE_STRIP = NO;
				DEBUG_INFORMATION_FORMAT = "dwarf-with-dsym";
				ENABLE_NS_ASSERTIONS = NO;
				ENABLE_STRICT_OBJC_MSGSEND = YES;
				GCC_C_LANGUAGE_STANDARD = gnu99;
				GCC_NO_COMMON_BLOCKS = YES;
				GCC_WARN_64_TO_32_BIT_CONVERSION = YES;
				GCC_WARN_ABOUT_RETURN_TYPE = YES_ERROR;
				GCC_WARN_UNDECLARED_SELECTOR = YES;
				GCC_WARN_UNINITIALIZED_AUTOS = YES_AGGRESSIVE;
				GCC_WARN_UNUSED_FUNCTION = YES;
				GCC_WARN_UNUSED_VARIABLE = YES;
				MACOSX_DEPLOYMENT_TARGET = 10.11;
				MTL_ENABLE_DEBUG_INFO = NO;
				SDKROOT = macosx;
				SWIFT_OPTIMIZATION_LEVEL = "-Owholemodule";
			};
			name = Release;
		};
		71773A741D3FA8C5009B5043 /* Debug */ = {
			isa = XCBuildConfiguration;
			buildSettings = {
				ASSETCATALOG_COMPILER_APPICON_NAME = AppIcon;
				COMBINE_HIDPI_IMAGES = YES;
				INFOPLIST_FILE = NSSplitViewCollapse/Info.plist;
				LD_RUNPATH_SEARCH_PATHS = "$(inherited) @executable_path/../Frameworks";
				PRODUCT_BUNDLE_IDENTIFIER = macdev.io.NSSplitViewCollapse;
				PRODUCT_NAME = "$(TARGET_NAME)";
				SWIFT_VERSION = 3.0;
			};
			name = Debug;
		};
		71773A751D3FA8C5009B5043 /* Release */ = {
			isa = XCBuildConfiguration;
			buildSettings = {
				ASSETCATALOG_COMPILER_APPICON_NAME = AppIcon;
				COMBINE_HIDPI_IMAGES = YES;
				INFOPLIST_FILE = NSSplitViewCollapse/Info.plist;
				LD_RUNPATH_SEARCH_PATHS = "$(inherited) @executable_path/../Frameworks";
				PRODUCT_BUNDLE_IDENTIFIER = macdev.io.NSSplitViewCollapse;
				PRODUCT_NAME = "$(TARGET_NAME)";
				SWIFT_VERSION = 3.0;
			};
			name = Release;
		};
/* End XCBuildConfiguration section */

/* Begin XCConfigurationList section */
		71773A5F1D3FA8C5009B5043 /* Build configuration list for PBXProject "NSSplitViewCollapse" */ = {
			isa = XCConfigurationList;
			buildConfigurations = (
				71773A711D3FA8C5009B5043 /* Debug */,
				71773A721D3FA8C5009B5043 /* Release */,
			);
			defaultConfigurationIsVisible = 0;
			defaultConfigurationName = Release;
		};
		71773A731D3FA8C5009B5043 /* Build configuration list for PBXNativeTarget "NSSplitViewCollapse" */ = {
			isa = XCConfigurationList;
			buildConfigurations = (
				71773A741D3FA8C5009B5043 /* Debug */,
				71773A751D3FA8C5009B5043 /* Release */,
			);
			defaultConfigurationIsVisible = 0;
		};
/* End XCConfigurationList section */
	};
	rootObject = 71773A5C1D3FA8C5009B5043 /* Project object */;
}
