// !$*UTF8*$!
{
	archiveVersion = 1;
	classes = {
	};
	objectVersion = 46;
	objects = {

/* Begin PBXBuildFile section */
		718914A81D4CCE01007B273E /* AppDelegate.swift in Sources */ = {isa = PBXBuildFile; fileRef = 718914A71D4CCE01007B273E /* AppDelegate.swift */; };
		718914AA1D4CCE01007B273E /* ViewController.swift in Sources */ = {isa = PBXBuildFile; fileRef = 718914A91D4CCE01007B273E /* ViewController.swift */; };
		718914AC1D4CCE01007B273E /* Assets.xcassets in Resources */ = {isa = PBXBuildFile; fileRef = 718914AB1D4CCE01007B273E /* Assets.xcassets */; };
		718914AF1D4CCE01007B273E /* Main.storyboard in Resources */ = {isa = PBXBuildFile; fileRef = 718914AD1D4CCE01007B273E /* Main.storyboard */; };
/* End PBXBuildFile section */

/* Begin PBXFileReference section */
		718914A41D4CCE01007B273E /* BonjourClient.app */ = {isa = PBXFileReference; explicitFileType = wrapper.application; includeInIndex = 0; path = BonjourClient.app; sourceTree = BUILT_PRODUCTS_DIR; };
		718914A71D4CCE01007B273E /* AppDelegate.swift */ = {isa = PBXFileReference; lastKnownFileType = sourcecode.swift; path = AppDelegate.swift; sourceTree = "<group>"; };
		718914A91D4CCE01007B273E /* ViewController.swift */ = {isa = PBXFileReference; lastKnownFileType = sourcecode.swift; path = ViewController.swift; sourceTree = "<group>"; };
		718914AB1D4CCE01007B273E /* Assets.xcassets */ = {isa = PBXFileReference; lastKnownFileType = folder.assetcatalog; path = Assets.xcassets; sourceTree = "<group>"; };
		718914AE1D4CCE01007B273E /* Base */ = {isa = PBXFileReference; lastKnownFileType = file.storyboard; name = Base; path = Base.lproj/Main.storyboard; sourceTree = "<group>"; };
		718914B01D4CCE01007B273E /* Info.plist */ = {isa = PBXFileReference; lastKnownFileType = text.plist.xml; path = Info.plist; sourceTree = "<group>"; };
/* End PBXFileReference section */

/* Begin PBXFrameworksBuildPhase section */
		718914A11D4CCE01007B273E /* Frameworks */ = {
			isa = PBXFrameworksBuildPhase;
			buildActionMask = 2147483647;
			files = (
			);
			runOnlyForDeploymentPostprocessing = 0;
		};
/* End PBXFrameworksBuildPhase section */

/* Begin PBXGroup section */
		7189149B1D4CCE01007B273E = {
			isa = PBXGroup;
			children = (
				718914A61D4CCE01007B273E /* BonjourClient */,
				718914A51D4CCE01007B273E /* Products */,
			);
			sourceTree = "<group>";
		};
		718914A51D4CCE01007B273E /* Products */ = {
			isa = PBXGroup;
			children = (
				718914A41D4CCE01007B273E /* BonjourClient.app */,
			);
			name = Products;
			sourceTree = "<group>";
		};
		718914A61D4CCE01007B273E /* BonjourClient */ = {
			isa = PBXGroup;
			children = (
				718914A71D4CCE01007B273E /* AppDelegate.swift */,
				718914A91D4CCE01007B273E /* ViewController.swift */,
				718914AB1D4CCE01007B273E /* Assets.xcassets */,
				718914AD1D4CCE01007B273E /* Main.storyboard */,
				718914B01D4CCE01007B273E /* Info.plist */,
			);
			path = BonjourClient;
			sourceTree = "<group>";
		};
/* End PBXGroup section */

/* Begin PBXNativeTarget section */
		718914A31D4CCE01007B273E /* BonjourClient */ = {
			isa = PBXNativeTarget;
			buildConfigurationList = 718914B31D4CCE01007B273E /* Build configuration list for PBXNativeTarget "BonjourClient" */;
			buildPhases = (
				718914A01D4CCE01007B273E /* Sources */,
				718914A11D4CCE01007B273E /* Frameworks */,
				718914A21D4CCE01007B273E /* Resources */,
			);
			buildRules = (
			);
			dependencies = (
			);
			name = BonjourClient;
			productName = BonjourClient;
			productReference = 718914A41D4CCE01007B273E /* BonjourClient.app */;
			productType = "com.apple.product-type.application";
		};
/* End PBXNativeTarget section */

/* Begin PBXProject section */
		7189149C1D4CCE01007B273E /* Project object */ = {
			isa = PBXProject;
			attributes = {
				LastSwiftUpdateCheck = 0800;
				LastUpgradeCheck = 0800;
				ORGANIZATIONNAME = macdev;
				TargetAttributes = {
					718914A31D4CCE01007B273E = {
						CreatedOnToolsVersion = 8.0;
						DevelopmentTeamName = "junwei zhao";
						LastSwiftMigration = 0900;
						ProvisioningStyle = Manual;
					};
				};
			};
			buildConfigurationList = 7189149F1D4CCE01007B273E /* Build configuration list for PBXProject "BonjourClient" */;
			compatibilityVersion = "Xcode 3.2";
			developmentRegion = English;
			hasScannedForEncodings = 0;
			knownRegions = (
				en,
				Base,
			);
			mainGroup = 7189149B1D4CCE01007B273E;
			productRefGroup = 718914A51D4CCE01007B273E /* Products */;
			projectDirPath = "";
			projectRoot = "";
			targets = (
				718914A31D4CCE01007B273E /* BonjourClient */,
			);
		};
/* End PBXProject section */

/* Begin PBXResourcesBuildPhase section */
		718914A21D4CCE01007B273E /* Resources */ = {
			isa = PBXResourcesBuildPhase;
			buildActionMask = 2147483647;
			files = (
				718914AC1D4CCE01007B273E /* Assets.xcassets in Resources */,
				718914AF1D4CCE01007B273E /* Main.storyboard in Resources */,
			);
			runOnlyForDeploymentPostprocessing = 0;
		};
/* End PBXResourcesBuildPhase section */

/* Begin PBXSourcesBuildPhase section */
		718914A01D4CCE01007B273E /* Sources */ = {
			isa = PBXSourcesBuildPhase;
			buildActionMask = 2147483647;
			files = (
				718914AA1D4CCE01007B273E /* ViewController.swift in Sources */,
				718914A81D4CCE01007B273E /* AppDelegate.swift in Sources */,
			);
			runOnlyForDeploymentPostprocessing = 0;
		};
/* End PBXSourcesBuildPhase section */

/* Begin PBXVariantGroup section */
		718914AD1D4CCE01007B273E /* Main.storyboard */ = {
			isa = PBXVariantGroup;
			children = (
				718914AE1D4CCE01007B273E /* Base */,
			);
			name = Main.storyboard;
			sourceTree = "<group>";
		};
/* End PBXVariantGroup section */

/* Begin XCBuildConfiguration section */
		718914B11D4CCE01007B273E /* Debug */ = {
			isa = XCBuildConfiguration;
			buildSettings = {
				ALWAYS_SEARCH_USER_PATHS = NO;
				CLANG_ANALYZER_NONNULL = YES;
				CLANG_CXX_LANGUAGE_STANDARD = "gnu++0x";
				CLANG_CXX_LIBRARY = "libc++";
				CLANG_ENABLE_MODULES = YES;
				CLANG_ENABLE_OBJC_ARC = YES;
				CLANG_WARN_BOOL_CONVERSION = YES;
				CLANG_WARN_CONSTANT_CONVERSION = YES;
				CLANG_WARN_DIRECT_OBJC_ISA_USAGE = YES_ERROR;
				CLANG_WARN_DOCUMENTATION_COMMENTS = YES;
				CLANG_WARN_EMPTY_BODY = YES;
				CLANG_WARN_ENUM_CONVERSION = YES;
				CLANG_WARN_INT_CONVERSION = YES;
				CLANG_WARN_OBJC_ROOT_CLASS = YES_ERROR;
				CLANG_WARN_UNREACHABLE_CODE = YES;
				CLANG_WARN__DUPLICATE_METHOD_MATCH = YES;
				CODE_SIGN_IDENTITY = "-";
				COPY_PHASE_STRIP = NO;
				DEBUG_INFORMATION_FORMAT = dwarf;
				ENABLE_STRICT_OBJC_MSGSEND = YES;
				ENABLE_TESTABILITY = YES;
				GCC_C_LANGUAGE_STANDARD = gnu99;
				GCC_DYNAMIC_NO_PIC = NO;
				GCC_NO_COMMON_BLOCKS = YES;
				GCC_OPTIMIZATION_LEVEL = 0;
				GCC_PREPROCESSOR_DEFINITIONS = (
					"DEBUG=1",
					"$(inherited)",
				);
				GCC_WARN_64_TO_32_BIT_CONVERSION = YES;
				GCC_WARN_ABOUT_RETURN_TYPE = YES_ERROR;
				GCC_WARN_UNDECLARED_SELECTOR = YES;
				GCC_WARN_UNINITIALIZED_AUTOS = YES_AGGRESSIVE;
				GCC_WARN_UNUSED_FUNCTION = YES;
				GCC_WARN_UNUSED_VARIABLE = YES;
				MACOSX_DEPLOYMENT_TARGET = 10.11;
				MTL_ENABLE_DEBUG_INFO = YES;
				ONLY_ACTIVE_ARCH = YES;
				SDKROOT = macosx;
				SWIFT_ACTIVE_COMPILATION_CONDITIONS = DEBUG;
				SWIFT_OPTIMIZATION_LEVEL = "-Onone";
			};
			name = Debug;
		};
		718914B21D4CCE01007B273E /* Release */ = {
			isa = XCBuildConfiguration;
			buildSettings = {
				ALWAYS_SEARCH_USER_PATHS = NO;
				CLANG_ANALYZER_NONNULL = YES;
				CLANG_CXX_LANGUAGE_STANDARD = "gnu++0x";
				CLANG_CXX_LIBRARY = "libc++";
				CLANG_ENABLE_MODULES = YES;
				CLANG_ENABLE_OBJC_ARC = YES;
				CLANG_WARN_BOOL_CONVERSION = YES;
				CLANG_WARN_CONSTANT_CONVERSION = YES;
				CLANG_WARN_DIRECT_OBJC_ISA_USAGE = YES_ERROR;
				CLANG_WARN_DOCUMENTATION_COMMENTS = YES;
				CLANG_WARN_EMPTY_BODY = YES;
				CLANG_WARN_ENUM_CONVERSION = YES;
				CLANG_WARN_INT_CONVERSION = YES;
				CLANG_WARN_OBJC_ROOT_CLASS = YES_ERROR;
				CLANG_WARN_UNREACHABLE_CODE = YES;
				CLANG_WARN__DUPLICATE_METHOD_MATCH = YES;
				CODE_SIGN_IDENTITY = "-";
				COPY_PHASE_STRIP = NO;
				DEBUG_INFORMATION_FORMAT = "dwarf-with-dsym";
				ENABLE_NS_ASSERTIONS = NO;
				ENABLE_STRICT_OBJC_MSGSEND = YES;
				GCC_C_LANGUAGE_STANDARD = gnu99;
				GCC_NO_COMMON_BLOCKS = YES;
				GCC_WARN_64_TO_32_BIT_CONVERSION = YES;
				GCC_WARN_ABOUT_RETURN_TYPE = YES_ERROR;
				GCC_WARN_UNDECLARED_SELECTOR = YES;
				GCC_WARN_UNINITIALIZED_AUTOS = YES_AGGRESSIVE;
				GCC_WARN_UNUSED_FUNCTION = YES;
				GCC_WARN_UNUSED_VARIABLE = YES;
				MACOSX_DEPLOYMENT_TARGET = 10.11;
				MTL_ENABLE_DEBUG_INFO = NO;
				SDKROOT = macosx;
				SWIFT_OPTIMIZATION_LEVEL = "-Owholemodule";
			};
			name = Release;
		};
		718914B41D4CCE01007B273E /* Debug */ = {
			isa = XCBuildConfiguration;
			buildSettings = {
				ASSETCATALOG_COMPILER_APPICON_NAME = AppIcon;
				CODE_SIGN_IDENTITY = "";
				CODE_SIGN_STYLE = Manual;
				COMBINE_HIDPI_IMAGES = YES;
				DEVELOPMENT_TEAM = "";
				INFOPLIST_FILE = BonjourClient/Info.plist;
				LD_RUNPATH_SEARCH_PATHS = "$(inherited) @executable_path/../Frameworks";
				PRODUCT_BUNDLE_IDENTIFIER = macdev.io.BonjourClient;
				PRODUCT_NAME = "$(TARGET_NAME)";
				PROVISIONING_PROFILE_SPECIFIER = "";
				SWIFT_SWIFT3_OBJC_INFERENCE = On;
				SWIFT_VERSION = 4.0;
			};
			name = Debug;
		};
		718914B51D4CCE01007B273E /* Release */ = {
			isa = XCBuildConfiguration;
			buildSettings = {
				ASSETCATALOG_COMPILER_APPICON_NAME = AppIcon;
				CODE_SIGN_IDENTITY = "";
				CODE_SIGN_STYLE = Manual;
				COMBINE_HIDPI_IMAGES = YES;
				DEVELOPMENT_TEAM = "";
				INFOPLIST_FILE = BonjourClient/Info.plist;
				LD_RUNPATH_SEARCH_PATHS = "$(inherited) @executable_path/../Frameworks";
				PRODUCT_BUNDLE_IDENTIFIER = macdev.io.BonjourClient;
				PRODUCT_NAME = "$(TARGET_NAME)";
				PROVISIONING_PROFILE_SPECIFIER = "";
				SWIFT_SWIFT3_OBJC_INFERENCE = On;
				SWIFT_VERSION = 4.0;
			};
			name = Release;
		};
/* End XCBuildConfiguration section */

/* Begin XCConfigurationList section */
		7189149F1D4CCE01007B273E /* Build configuration list for PBXProject "BonjourClient" */ = {
			isa = XCConfigurationList;
			buildConfigurations = (
				718914B11D4CCE01007B273E /* Debug */,
				718914B21D4CCE01007B273E /* Release */,
			);
			defaultConfigurationIsVisible = 0;
			defaultConfigurationName = Release;
		};
		718914B31D4CCE01007B273E /* Build configuration list for PBXNativeTarget "BonjourClient" */ = {
			isa = XCConfigurationList;
			buildConfigurations = (
				718914B41D4CCE01007B273E /* Debug */,
				718914B51D4CCE01007B273E /* Release */,
			);
			defaultConfigurationIsVisible = 0;
			defaultConfigurationName = Release;
		};
/* End XCConfigurationList section */
	};
	rootObject = 7189149C1D4CCE01007B273E /* Project object */;
}
