// !$*UTF8*$!
{
	archiveVersion = 1;
	classes = {
	};
	objectVersion = 46;
	objects = {

/* Begin PBXBuildFile section */
		717725201D9FD39600411E9E /* AppDelegate.swift in Sources */ = {isa = PBXBuildFile; fileRef = 7177251F1D9FD39600411E9E /* AppDelegate.swift */; };
		717725221D9FD39600411E9E /* ViewController.swift in Sources */ = {isa = PBXBuildFile; fileRef = 717725211D9FD39600411E9E /* ViewController.swift */; };
		717725251D9FD39600411E9E /* Main.storyboard in Resources */ = {isa = PBXBuildFile; fileRef = 717725231D9FD39600411E9E /* Main.storyboard */; };
		717725271D9FD39600411E9E /* Assets.xcassets in Resources */ = {isa = PBXBuildFile; fileRef = 717725261D9FD39600411E9E /* Assets.xcassets */; };
		7177252A1D9FD39600411E9E /* LaunchScreen.storyboard in Resources */ = {isa = PBXBuildFile; fileRef = 717725281D9FD39600411E9E /* LaunchScreen.storyboard */; };
/* End PBXBuildFile section */

/* Begin PBXFileReference section */
		7177251C1D9FD39600411E9E /* RunLoopiOS.app */ = {isa = PBXFileReference; explicitFileType = wrapper.application; includeInIndex = 0; path = RunLoopiOS.app; sourceTree = BUILT_PRODUCTS_DIR; };
		7177251F1D9FD39600411E9E /* AppDelegate.swift */ = {isa = PBXFileReference; lastKnownFileType = sourcecode.swift; path = AppDelegate.swift; sourceTree = "<group>"; };
		717725211D9FD39600411E9E /* ViewController.swift */ = {isa = PBXFileReference; lastKnownFileType = sourcecode.swift; path = ViewController.swift; sourceTree = "<group>"; };
		717725241D9FD39600411E9E /* Base */ = {isa = PBXFileReference; lastKnownFileType = file.storyboard; name = Base; path = Base.lproj/Main.storyboard; sourceTree = "<group>"; };
		717725261D9FD39600411E9E /* Assets.xcassets */ = {isa = PBXFileReference; lastKnownFileType = folder.assetcatalog; path = Assets.xcassets; sourceTree = "<group>"; };
		717725291D9FD39600411E9E /* Base */ = {isa = PBXFileReference; lastKnownFileType = file.storyboard; name = Base; path = Base.lproj/LaunchScreen.storyboard; sourceTree = "<group>"; };
		7177252B1D9FD39600411E9E /* Info.plist */ = {isa = PBXFileReference; lastKnownFileType = text.plist.xml; path = Info.plist; sourceTree = "<group>"; };
/* End PBXFileReference section */

/* Begin PBXFrameworksBuildPhase section */
		717725191D9FD39600411E9E /* Frameworks */ = {
			isa = PBXFrameworksBuildPhase;
			buildActionMask = 2147483647;
			files = (
			);
			runOnlyForDeploymentPostprocessing = 0;
		};
/* End PBXFrameworksBuildPhase section */

/* Begin PBXGroup section */
		717725131D9FD39600411E9E = {
			isa = PBXGroup;
			children = (
				7177251E1D9FD39600411E9E /* RunLoopiOS */,
				7177251D1D9FD39600411E9E /* Products */,
			);
			sourceTree = "<group>";
		};
		7177251D1D9FD39600411E9E /* Products */ = {
			isa = PBXGroup;
			children = (
				7177251C1D9FD39600411E9E /* RunLoopiOS.app */,
			);
			name = Products;
			sourceTree = "<group>";
		};
		7177251E1D9FD39600411E9E /* RunLoopiOS */ = {
			isa = PBXGroup;
			children = (
				7177251F1D9FD39600411E9E /* AppDelegate.swift */,
				717725211D9FD39600411E9E /* ViewController.swift */,
				717725231D9FD39600411E9E /* Main.storyboard */,
				717725261D9FD39600411E9E /* Assets.xcassets */,
				717725281D9FD39600411E9E /* LaunchScreen.storyboard */,
				7177252B1D9FD39600411E9E /* Info.plist */,
			);
			path = RunLoopiOS;
			sourceTree = "<group>";
		};
/* End PBXGroup section */

/* Begin PBXNativeTarget section */
		7177251B1D9FD39600411E9E /* RunLoopiOS */ = {
			isa = PBXNativeTarget;
			buildConfigurationList = 7177252E1D9FD39600411E9E /* Build configuration list for PBXNativeTarget "RunLoopiOS" */;
			buildPhases = (
				717725181D9FD39600411E9E /* Sources */,
				717725191D9FD39600411E9E /* Frameworks */,
				7177251A1D9FD39600411E9E /* Resources */,
			);
			buildRules = (
			);
			dependencies = (
			);
			name = RunLoopiOS;
			productName = RunLoopiOS;
			productReference = 7177251C1D9FD39600411E9E /* RunLoopiOS.app */;
			productType = "com.apple.product-type.application";
		};
/* End PBXNativeTarget section */

/* Begin PBXProject section */
		717725141D9FD39600411E9E /* Project object */ = {
			isa = PBXProject;
			attributes = {
				LastSwiftUpdateCheck = 0800;
				LastUpgradeCheck = 0800;
				ORGANIZATIONNAME = macdev;
				TargetAttributes = {
					7177251B1D9FD39600411E9E = {
						CreatedOnToolsVersion = 8.0;
						LastSwiftMigration = 0900;
						ProvisioningStyle = Automatic;
					};
				};
			};
			buildConfigurationList = 717725171D9FD39600411E9E /* Build configuration list for PBXProject "RunLoopiOS" */;
			compatibilityVersion = "Xcode 3.2";
			developmentRegion = English;
			hasScannedForEncodings = 0;
			knownRegions = (
				en,
				Base,
			);
			mainGroup = 717725131D9FD39600411E9E;
			productRefGroup = 7177251D1D9FD39600411E9E /* Products */;
			projectDirPath = "";
			projectRoot = "";
			targets = (
				7177251B1D9FD39600411E9E /* RunLoopiOS */,
			);
		};
/* End PBXProject section */

/* Begin PBXResourcesBuildPhase section */
		7177251A1D9FD39600411E9E /* Resources */ = {
			isa = PBXResourcesBuildPhase;
			buildActionMask = 2147483647;
			files = (
				7177252A1D9FD39600411E9E /* LaunchScreen.storyboard in Resources */,
				717725271D9FD39600411E9E /* Assets.xcassets in Resources */,
				717725251D9FD39600411E9E /* Main.storyboard in Resources */,
			);
			runOnlyForDeploymentPostprocessing = 0;
		};
/* End PBXResourcesBuildPhase section */

/* Begin PBXSourcesBuildPhase section */
		717725181D9FD39600411E9E /* Sources */ = {
			isa = PBXSourcesBuildPhase;
			buildActionMask = 2147483647;
			files = (
				717725221D9FD39600411E9E /* ViewController.swift in Sources */,
				717725201D9FD39600411E9E /* AppDelegate.swift in Sources */,
			);
			runOnlyForDeploymentPostprocessing = 0;
		};
/* End PBXSourcesBuildPhase section */

/* Begin PBXVariantGroup section */
		717725231D9FD39600411E9E /* Main.storyboard */ = {
			isa = PBXVariantGroup;
			children = (
				717725241D9FD39600411E9E /* Base */,
			);
			name = Main.storyboard;
			sourceTree = "<group>";
		};
		717725281D9FD39600411E9E /* LaunchScreen.storyboard */ = {
			isa = PBXVariantGroup;
			children = (
				717725291D9FD39600411E9E /* Base */,
			);
			name = LaunchScreen.storyboard;
			sourceTree = "<group>";
		};
/* End PBXVariantGroup section */

/* Begin XCBuildConfiguration section */
		7177252C1D9FD39600411E9E /* Debug */ = {
			isa = XCBuildConfiguration;
			buildSettings = {
				ALWAYS_SEARCH_USER_PATHS = NO;
				CLANG_ANALYZER_NONNULL = YES;
				CLANG_CXX_LANGUAGE_STANDARD = "gnu++0x";
				CLANG_CXX_LIBRARY = "libc++";
				CLANG_ENABLE_MODULES = YES;
				CLANG_ENABLE_OBJC_ARC = YES;
				CLANG_WARN_BOOL_CONVERSION = YES;
				CLANG_WARN_CONSTANT_CONVERSION = YES;
				CLANG_WARN_DIRECT_OBJC_ISA_USAGE = YES_ERROR;
				CLANG_WARN_DOCUMENTATION_COMMENTS = YES;
				CLANG_WARN_EMPTY_BODY = YES;
				CLANG_WARN_ENUM_CONVERSION = YES;
				CLANG_WARN_INFINITE_RECURSION = YES;
				CLANG_WARN_INT_CONVERSION = YES;
				CLANG_WARN_OBJC_ROOT_CLASS = YES_ERROR;
				CLANG_WARN_SUSPICIOUS_MOVES = YES;
				CLANG_WARN_UNREACHABLE_CODE = YES;
				CLANG_WARN__DUPLICATE_METHOD_MATCH = YES;
				"CODE_SIGN_IDENTITY[sdk=iphoneos*]" = "iPhone Developer";
				COPY_PHASE_STRIP = NO;
				DEBUG_INFORMATION_FORMAT = dwarf;
				ENABLE_STRICT_OBJC_MSGSEND = YES;
				ENABLE_TESTABILITY = YES;
				GCC_C_LANGUAGE_STANDARD = gnu99;
				GCC_DYNAMIC_NO_PIC = NO;
				GCC_NO_COMMON_BLOCKS = YES;
				GCC_OPTIMIZATION_LEVEL = 0;
				GCC_PREPROCESSOR_DEFINITIONS = (
					"DEBUG=1",
					"$(inherited)",
				);
				GCC_WARN_64_TO_32_BIT_CONVERSION = YES;
				GCC_WARN_ABOUT_RETURN_TYPE = YES_ERROR;
				GCC_WARN_UNDECLARED_SELECTOR = YES;
				GCC_WARN_UNINITIALIZED_AUTOS = YES_AGGRESSIVE;
				GCC_WARN_UNUSED_FUNCTION = YES;
				GCC_WARN_UNUSED_VARIABLE = YES;
				IPHONEOS_DEPLOYMENT_TARGET = 10.0;
				MTL_ENABLE_DEBUG_INFO = YES;
				ONLY_ACTIVE_ARCH = YES;
				SDKROOT = iphoneos;
				SWIFT_ACTIVE_COMPILATION_CONDITIONS = DEBUG;
				SWIFT_OPTIMIZATION_LEVEL = "-Onone";
			};
			name = Debug;
		};
		7177252D1D9FD39600411E9E /* Release */ = {
			isa = XCBuildConfiguration;
			buildSettings = {
				ALWAYS_SEARCH_USER_PATHS = NO;
				CLANG_ANALYZER_NONNULL = YES;
				CLANG_CXX_LANGUAGE_STANDARD = "gnu++0x";
				CLANG_CXX_LIBRARY = "libc++";
				CLANG_ENABLE_MODULES = YES;
				CLANG_ENABLE_OBJC_ARC = YES;
				CLANG_WARN_BOOL_CONVERSION = YES;
				CLANG_WARN_CONSTANT_CONVERSION = YES;
				CLANG_WARN_DIRECT_OBJC_ISA_USAGE = YES_ERROR;
				CLANG_WARN_DOCUMENTATION_COMMENTS = YES;
				CLANG_WARN_EMPTY_BODY = YES;
				CLANG_WARN_ENUM_CONVERSION = YES;
				CLANG_WARN_INFINITE_RECURSION = YES;
				CLANG_WARN_INT_CONVERSION = YES;
				CLANG_WARN_OBJC_ROOT_CLASS = YES_ERROR;
				CLANG_WARN_SUSPICIOUS_MOVES = YES;
				CLANG_WARN_UNREACHABLE_CODE = YES;
				CLANG_WARN__DUPLICATE_METHOD_MATCH = YES;
				"CODE_SIGN_IDENTITY[sdk=iphoneos*]" = "iPhone Developer";
				COPY_PHASE_STRIP = NO;
				DEBUG_INFORMATION_FORMAT = "dwarf-with-dsym";
				ENABLE_NS_ASSERTIONS = NO;
				ENABLE_STRICT_OBJC_MSGSEND = YES;
				GCC_C_LANGUAGE_STANDARD = gnu99;
				GCC_NO_COMMON_BLOCKS = YES;
				GCC_WARN_64_TO_32_BIT_CONVERSION = YES;
				GCC_WARN_ABOUT_RETURN_TYPE = YES_ERROR;
				GCC_WARN_UNDECLARED_SELECTOR = YES;
				GCC_WARN_UNINITIALIZED_AUTOS = YES_AGGRESSIVE;
				GCC_WARN_UNUSED_FUNCTION = YES;
				GCC_WARN_UNUSED_VARIABLE = YES;
				IPHONEOS_DEPLOYMENT_TARGET = 10.0;
				MTL_ENABLE_DEBUG_INFO = NO;
				SDKROOT = iphoneos;
				SWIFT_OPTIMIZATION_LEVEL = "-Owholemodule";
				VALIDATE_PRODUCT = YES;
			};
			name = Release;
		};
		7177252F1D9FD39600411E9E /* Debug */ = {
			isa = XCBuildConfiguration;
			buildSettings = {
				ASSETCATALOG_COMPILER_APPICON_NAME = AppIcon;
				INFOPLIST_FILE = RunLoopiOS/Info.plist;
				LD_RUNPATH_SEARCH_PATHS = "$(inherited) @executable_path/Frameworks";
				PRODUCT_BUNDLE_IDENTIFIER = app.io.RunLoopiOS;
				PRODUCT_NAME = "$(TARGET_NAME)";
				SWIFT_SWIFT3_OBJC_INFERENCE = On;
				SWIFT_VERSION = 4.0;
			};
			name = Debug;
		};
		717725301D9FD39600411E9E /* Release */ = {
			isa = XCBuildConfiguration;
			buildSettings = {
				ASSETCATALOG_COMPILER_APPICON_NAME = AppIcon;
				INFOPLIST_FILE = RunLoopiOS/Info.plist;
				LD_RUNPATH_SEARCH_PATHS = "$(inherited) @executable_path/Frameworks";
				PRODUCT_BUNDLE_IDENTIFIER = app.io.RunLoopiOS;
				PRODUCT_NAME = "$(TARGET_NAME)";
				SWIFT_SWIFT3_OBJC_INFERENCE = On;
				SWIFT_VERSION = 4.0;
			};
			name = Release;
		};
/* End XCBuildConfiguration section */

/* Begin XCConfigurationList section */
		717725171D9FD39600411E9E /* Build configuration list for PBXProject "RunLoopiOS" */ = {
			isa = XCConfigurationList;
			buildConfigurations = (
				7177252C1D9FD39600411E9E /* Debug */,
				7177252D1D9FD39600411E9E /* Release */,
			);
			defaultConfigurationIsVisible = 0;
			defaultConfigurationName = Release;
		};
		7177252E1D9FD39600411E9E /* Build configuration list for PBXNativeTarget "RunLoopiOS" */ = {
			isa = XCConfigurationList;
			buildConfigurations = (
				7177252F1D9FD39600411E9E /* Debug */,
				717725301D9FD39600411E9E /* Release */,
			);
			defaultConfigurationIsVisible = 0;
			defaultConfigurationName = Release;
		};
/* End XCConfigurationList section */
	};
	rootObject = 717725141D9FD39600411E9E /* Project object */;
}
