// !$*UTF8*$!
{
	archiveVersion = 1;
	classes = {
	};
	objectVersion = 46;
	objects = {

/* Begin PBXBuildFile section */
		718A29631D24A24C00CF1033 /* AppDelegate.swift in Sources */ = {isa = PBXBuildFile; fileRef = 718A29621D24A24C00CF1033 /* AppDelegate.swift */; };
		718A29651D24A24D00CF1033 /* ViewController.swift in Sources */ = {isa = PBXBuildFile; fileRef = 718A29641D24A24D00CF1033 /* ViewController.swift */; };
		718A29671D24A24D00CF1033 /* Assets.xcassets in Resources */ = {isa = PBXBuildFile; fileRef = 718A29661D24A24D00CF1033 /* Assets.xcassets */; };
		718A296A1D24A24D00CF1033 /* Main.storyboard in Resources */ = {isa = PBXBuildFile; fileRef = 718A29681D24A24D00CF1033 /* Main.storyboard */; };
/* End PBXBuildFile section */

/* Begin PBXFileReference section */
		718A295F1D24A24C00CF1033 /* NSStepper.app */ = {isa = PBXFileReference; explicitFileType = wrapper.application; includeInIndex = 0; path = NSStepper.app; sourceTree = BUILT_PRODUCTS_DIR; };
		718A29621D24A24C00CF1033 /* AppDelegate.swift */ = {isa = PBXFileReference; lastKnownFileType = sourcecode.swift; path = AppDelegate.swift; sourceTree = "<group>"; };
		718A29641D24A24D00CF1033 /* ViewController.swift */ = {isa = PBXFileReference; lastKnownFileType = sourcecode.swift; path = ViewController.swift; sourceTree = "<group>"; };
		718A29661D24A24D00CF1033 /* Assets.xcassets */ = {isa = PBXFileReference; lastKnownFileType = folder.assetcatalog; path = Assets.xcassets; sourceTree = "<group>"; };
		718A29691D24A24D00CF1033 /* Base */ = {isa = PBXFileReference; lastKnownFileType = file.storyboard; name = Base; path = Base.lproj/Main.storyboard; sourceTree = "<group>"; };
		718A296B1D24A24D00CF1033 /* Info.plist */ = {isa = PBXFileReference; lastKnownFileType = text.plist.xml; path = Info.plist; sourceTree = "<group>"; };
/* End PBXFileReference section */

/* Begin PBXFrameworksBuildPhase section */
		718A295C1D24A24C00CF1033 /* Frameworks */ = {
			isa = PBXFrameworksBuildPhase;
			buildActionMask = 2147483647;
			files = (
			);
			runOnlyForDeploymentPostprocessing = 0;
		};
/* End PBXFrameworksBuildPhase section */

/* Begin PBXGroup section */
		718A29561D24A24C00CF1033 = {
			isa = PBXGroup;
			children = (
				718A29611D24A24C00CF1033 /* NSStepper */,
				718A29601D24A24C00CF1033 /* Products */,
			);
			sourceTree = "<group>";
		};
		718A29601D24A24C00CF1033 /* Products */ = {
			isa = PBXGroup;
			children = (
				718A295F1D24A24C00CF1033 /* NSStepper.app */,
			);
			name = Products;
			sourceTree = "<group>";
		};
		718A29611D24A24C00CF1033 /* NSStepper */ = {
			isa = PBXGroup;
			children = (
				718A29621D24A24C00CF1033 /* AppDelegate.swift */,
				718A29641D24A24D00CF1033 /* ViewController.swift */,
				718A29661D24A24D00CF1033 /* Assets.xcassets */,
				718A29681D24A24D00CF1033 /* Main.storyboard */,
				718A296B1D24A24D00CF1033 /* Info.plist */,
			);
			path = NSStepper;
			sourceTree = "<group>";
		};
/* End PBXGroup section */

/* Begin PBXNativeTarget section */
		718A295E1D24A24C00CF1033 /* NSStepper */ = {
			isa = PBXNativeTarget;
			buildConfigurationList = 718A296E1D24A24D00CF1033 /* Build configuration list for PBXNativeTarget "NSStepper" */;
			buildPhases = (
				718A295B1D24A24C00CF1033 /* Sources */,
				718A295C1D24A24C00CF1033 /* Frameworks */,
				718A295D1D24A24C00CF1033 /* Resources */,
			);
			buildRules = (
			);
			dependencies = (
			);
			name = NSStepper;
			productName = NSStepper;
			productReference = 718A295F1D24A24C00CF1033 /* NSStepper.app */;
			productType = "com.apple.product-type.application";
		};
/* End PBXNativeTarget section */

/* Begin PBXProject section */
		718A29571D24A24C00CF1033 /* Project object */ = {
			isa = PBXProject;
			attributes = {
				LastSwiftUpdateCheck = 0800;
				LastUpgradeCheck = 0800;
				ORGANIZATIONNAME = "http://www.macdev.io";
				TargetAttributes = {
					718A295E1D24A24C00CF1033 = {
						CreatedOnToolsVersion = 8.0;
						DevelopmentTeamName = "junwei zhao";
						LastSwiftMigration = 0900;
						ProvisioningStyle = Manual;
					};
				};
			};
			buildConfigurationList = 718A295A1D24A24C00CF1033 /* Build configuration list for PBXProject "NSStepper" */;
			compatibilityVersion = "Xcode 3.2";
			developmentRegion = English;
			hasScannedForEncodings = 0;
			knownRegions = (
				en,
				Base,
			);
			mainGroup = 718A29561D24A24C00CF1033;
			productRefGroup = 718A29601D24A24C00CF1033 /* Products */;
			projectDirPath = "";
			projectRoot = "";
			targets = (
				718A295E1D24A24C00CF1033 /* NSStepper */,
			);
		};
/* End PBXProject section */

/* Begin PBXResourcesBuildPhase section */
		718A295D1D24A24C00CF1033 /* Resources */ = {
			isa = PBXResourcesBuildPhase;
			buildActionMask = 2147483647;
			files = (
				718A29671D24A24D00CF1033 /* Assets.xcassets in Resources */,
				718A296A1D24A24D00CF1033 /* Main.storyboard in Resources */,
			);
			runOnlyForDeploymentPostprocessing = 0;
		};
/* End PBXResourcesBuildPhase section */

/* Begin PBXSourcesBuildPhase section */
		718A295B1D24A24C00CF1033 /* Sources */ = {
			isa = PBXSourcesBuildPhase;
			buildActionMask = 2147483647;
			files = (
				718A29651D24A24D00CF1033 /* ViewController.swift in Sources */,
				718A29631D24A24C00CF1033 /* AppDelegate.swift in Sources */,
			);
			runOnlyForDeploymentPostprocessing = 0;
		};
/* End PBXSourcesBuildPhase section */

/* Begin PBXVariantGroup section */
		718A29681D24A24D00CF1033 /* Main.storyboard */ = {
			isa = PBXVariantGroup;
			children = (
				718A29691D24A24D00CF1033 /* Base */,
			);
			name = Main.storyboard;
			sourceTree = "<group>";
		};
/* End PBXVariantGroup section */

/* Begin XCBuildConfiguration section */
		718A296C1D24A24D00CF1033 /* Debug */ = {
			isa = XCBuildConfiguration;
			buildSettings = {
				ALWAYS_SEARCH_USER_PATHS = NO;
				CLANG_ANALYZER_NONNULL = YES;
				CLANG_CXX_LANGUAGE_STANDARD = "gnu++0x";
				CLANG_CXX_LIBRARY = "libc++";
				CLANG_ENABLE_MODULES = YES;
				CLANG_ENABLE_OBJC_ARC = YES;
				CLANG_WARN_BOOL_CONVERSION = YES;
				CLANG_WARN_CONSTANT_CONVERSION = YES;
				CLANG_WARN_DIRECT_OBJC_ISA_USAGE = YES_ERROR;
				CLANG_WARN_DOCUMENTATION_COMMENTS = YES;
				CLANG_WARN_EMPTY_BODY = YES;
				CLANG_WARN_ENUM_CONVERSION = YES;
				CLANG_WARN_INT_CONVERSION = YES;
				CLANG_WARN_OBJC_ROOT_CLASS = YES_ERROR;
				CLANG_WARN_UNREACHABLE_CODE = YES;
				CLANG_WARN__DUPLICATE_METHOD_MATCH = YES;
				CODE_SIGN_IDENTITY = "-";
				COPY_PHASE_STRIP = NO;
				DEBUG_INFORMATION_FORMAT = dwarf;
				ENABLE_STRICT_OBJC_MSGSEND = YES;
				ENABLE_TESTABILITY = YES;
				GCC_C_LANGUAGE_STANDARD = gnu99;
				GCC_DYNAMIC_NO_PIC = NO;
				GCC_NO_COMMON_BLOCKS = YES;
				GCC_OPTIMIZATION_LEVEL = 0;
				GCC_PREPROCESSOR_DEFINITIONS = (
					"DEBUG=1",
					"$(inherited)",
				);
				GCC_WARN_64_TO_32_BIT_CONVERSION = YES;
				GCC_WARN_ABOUT_RETURN_TYPE = YES_ERROR;
				GCC_WARN_UNDECLARED_SELECTOR = YES;
				GCC_WARN_UNINITIALIZED_AUTOS = YES_AGGRESSIVE;
				GCC_WARN_UNUSED_FUNCTION = YES;
				GCC_WARN_UNUSED_VARIABLE = YES;
				MACOSX_DEPLOYMENT_TARGET = 10.11;
				MTL_ENABLE_DEBUG_INFO = YES;
				ONLY_ACTIVE_ARCH = YES;
				SDKROOT = macosx;
				SWIFT_ACTIVE_COMPILATION_CONDITIONS = DEBUG;
				SWIFT_OPTIMIZATION_LEVEL = "-Onone";
			};
			name = Debug;
		};
		718A296D1D24A24D00CF1033 /* Release */ = {
			isa = XCBuildConfiguration;
			buildSettings = {
				ALWAYS_SEARCH_USER_PATHS = NO;
				CLANG_ANALYZER_NONNULL = YES;
				CLANG_CXX_LANGUAGE_STANDARD = "gnu++0x";
				CLANG_CXX_LIBRARY = "libc++";
				CLANG_ENABLE_MODULES = YES;
				CLANG_ENABLE_OBJC_ARC = YES;
				CLANG_WARN_BOOL_CONVERSION = YES;
				CLANG_WARN_CONSTANT_CONVERSION = YES;
				CLANG_WARN_DIRECT_OBJC_ISA_USAGE = YES_ERROR;
				CLANG_WARN_DOCUMENTATION_COMMENTS = YES;
				CLANG_WARN_EMPTY_BODY = YES;
				CLANG_WARN_ENUM_CONVERSION = YES;
				CLANG_WARN_INT_CONVERSION = YES;
				CLANG_WARN_OBJC_ROOT_CLASS = YES_ERROR;
				CLANG_WARN_UNREACHABLE_CODE = YES;
				CLANG_WARN__DUPLICATE_METHOD_MATCH = YES;
				CODE_SIGN_IDENTITY = "-";
				COPY_PHASE_STRIP = NO;
				DEBUG_INFORMATION_FORMAT = "dwarf-with-dsym";
				ENABLE_NS_ASSERTIONS = NO;
				ENABLE_STRICT_OBJC_MSGSEND = YES;
				GCC_C_LANGUAGE_STANDARD = gnu99;
				GCC_NO_COMMON_BLOCKS = YES;
				GCC_WARN_64_TO_32_BIT_CONVERSION = YES;
				GCC_WARN_ABOUT_RETURN_TYPE = YES_ERROR;
				GCC_WARN_UNDECLARED_SELECTOR = YES;
				GCC_WARN_UNINITIALIZED_AUTOS = YES_AGGRESSIVE;
				GCC_WARN_UNUSED_FUNCTION = YES;
				GCC_WARN_UNUSED_VARIABLE = YES;
				MACOSX_DEPLOYMENT_TARGET = 10.11;
				MTL_ENABLE_DEBUG_INFO = NO;
				SDKROOT = macosx;
				SWIFT_OPTIMIZATION_LEVEL = "-Owholemodule";
			};
			name = Release;
		};
		718A296F1D24A24D00CF1033 /* Debug */ = {
			isa = XCBuildConfiguration;
			buildSettings = {
				ASSETCATALOG_COMPILER_APPICON_NAME = AppIcon;
				CODE_SIGN_STYLE = Manual;
				COMBINE_HIDPI_IMAGES = YES;
				DEVELOPMENT_TEAM = "";
				INFOPLIST_FILE = NSStepper/Info.plist;
				LD_RUNPATH_SEARCH_PATHS = "$(inherited) @executable_path/../Frameworks";
				PRODUCT_BUNDLE_IDENTIFIER = macdev.io.NSStepper;
				PRODUCT_NAME = "$(TARGET_NAME)";
				PROVISIONING_PROFILE_SPECIFIER = "";
				SWIFT_SWIFT3_OBJC_INFERENCE = On;
				SWIFT_VERSION = 4.0;
			};
			name = Debug;
		};
		718A29701D24A24D00CF1033 /* Release */ = {
			isa = XCBuildConfiguration;
			buildSettings = {
				ASSETCATALOG_COMPILER_APPICON_NAME = AppIcon;
				CODE_SIGN_STYLE = Manual;
				COMBINE_HIDPI_IMAGES = YES;
				DEVELOPMENT_TEAM = "";
				INFOPLIST_FILE = NSStepper/Info.plist;
				LD_RUNPATH_SEARCH_PATHS = "$(inherited) @executable_path/../Frameworks";
				PRODUCT_BUNDLE_IDENTIFIER = macdev.io.NSStepper;
				PRODUCT_NAME = "$(TARGET_NAME)";
				PROVISIONING_PROFILE_SPECIFIER = "";
				SWIFT_SWIFT3_OBJC_INFERENCE = On;
				SWIFT_VERSION = 4.0;
			};
			name = Release;
		};
/* End XCBuildConfiguration section */

/* Begin XCConfigurationList section */
		718A295A1D24A24C00CF1033 /* Build configuration list for PBXProject "NSStepper" */ = {
			isa = XCConfigurationList;
			buildConfigurations = (
				718A296C1D24A24D00CF1033 /* Debug */,
				718A296D1D24A24D00CF1033 /* Release */,
			);
			defaultConfigurationIsVisible = 0;
			defaultConfigurationName = Release;
		};
		718A296E1D24A24D00CF1033 /* Build configuration list for PBXNativeTarget "NSStepper" */ = {
			isa = XCConfigurationList;
			buildConfigurations = (
				718A296F1D24A24D00CF1033 /* Debug */,
				718A29701D24A24D00CF1033 /* Release */,
			);
			defaultConfigurationIsVisible = 0;
			defaultConfigurationName = Release;
		};
/* End XCConfigurationList section */
	};
	rootObject = 718A29571D24A24C00CF1033 /* Project object */;
}
