// !$*UTF8*$!
{
	archiveVersion = 1;
	classes = {
	};
	objectVersion = 46;
	objects = {

/* Begin PBXBuildFile section */
		714541A81DB45E1A0097FE24 /* AppDelegate.swift in Sources */ = {isa = PBXBuildFile; fileRef = 714541A71DB45E1A0097FE24 /* AppDelegate.swift */; };
		714541AA1DB45E1A0097FE24 /* ViewController.swift in Sources */ = {isa = PBXBuildFile; fileRef = 714541A91DB45E1A0097FE24 /* ViewController.swift */; };
		714541AC1DB45E1A0097FE24 /* Assets.xcassets in Resources */ = {isa = PBXBuildFile; fileRef = 714541AB1DB45E1A0097FE24 /* Assets.xcassets */; };
		714541AF1DB45E1A0097FE24 /* Main.storyboard in Resources */ = {isa = PBXBuildFile; fileRef = 714541AD1DB45E1A0097FE24 /* Main.storyboard */; };
		714541B71DB45EE20097FE24 /* CustomTableView.swift in Sources */ = {isa = PBXBuildFile; fileRef = 714541B61DB45EE20097FE24 /* CustomTableView.swift */; };
/* End PBXBuildFile section */

/* Begin PBXFileReference section */
		714541A41DB45E1A0097FE24 /* NSTableViewCustomBackgroud.app */ = {isa = PBXFileReference; explicitFileType = wrapper.application; includeInIndex = 0; path = NSTableViewCustomBackgroud.app; sourceTree = BUILT_PRODUCTS_DIR; };
		714541A71DB45E1A0097FE24 /* AppDelegate.swift */ = {isa = PBXFileReference; lastKnownFileType = sourcecode.swift; path = AppDelegate.swift; sourceTree = "<group>"; };
		714541A91DB45E1A0097FE24 /* ViewController.swift */ = {isa = PBXFileReference; lastKnownFileType = sourcecode.swift; path = ViewController.swift; sourceTree = "<group>"; };
		714541AB1DB45E1A0097FE24 /* Assets.xcassets */ = {isa = PBXFileReference; lastKnownFileType = folder.assetcatalog; path = Assets.xcassets; sourceTree = "<group>"; };
		714541AE1DB45E1A0097FE24 /* Base */ = {isa = PBXFileReference; lastKnownFileType = file.storyboard; name = Base; path = Base.lproj/Main.storyboard; sourceTree = "<group>"; };
		714541B01DB45E1A0097FE24 /* Info.plist */ = {isa = PBXFileReference; lastKnownFileType = text.plist.xml; path = Info.plist; sourceTree = "<group>"; };
		714541B61DB45EE20097FE24 /* CustomTableView.swift */ = {isa = PBXFileReference; fileEncoding = 4; lastKnownFileType = sourcecode.swift; path = CustomTableView.swift; sourceTree = "<group>"; };
/* End PBXFileReference section */

/* Begin PBXFrameworksBuildPhase section */
		714541A11DB45E1A0097FE24 /* Frameworks */ = {
			isa = PBXFrameworksBuildPhase;
			buildActionMask = 2147483647;
			files = (
			);
			runOnlyForDeploymentPostprocessing = 0;
		};
/* End PBXFrameworksBuildPhase section */

/* Begin PBXGroup section */
		7145419B1DB45E1A0097FE24 = {
			isa = PBXGroup;
			children = (
				714541A61DB45E1A0097FE24 /* NSTableViewCustomBackgroud */,
				714541A51DB45E1A0097FE24 /* Products */,
			);
			sourceTree = "<group>";
		};
		714541A51DB45E1A0097FE24 /* Products */ = {
			isa = PBXGroup;
			children = (
				714541A41DB45E1A0097FE24 /* NSTableViewCustomBackgroud.app */,
			);
			name = Products;
			sourceTree = "<group>";
		};
		714541A61DB45E1A0097FE24 /* NSTableViewCustomBackgroud */ = {
			isa = PBXGroup;
			children = (
				714541A71DB45E1A0097FE24 /* AppDelegate.swift */,
				714541A91DB45E1A0097FE24 /* ViewController.swift */,
				714541B61DB45EE20097FE24 /* CustomTableView.swift */,
				714541AB1DB45E1A0097FE24 /* Assets.xcassets */,
				714541AD1DB45E1A0097FE24 /* Main.storyboard */,
				714541B01DB45E1A0097FE24 /* Info.plist */,
			);
			path = NSTableViewCustomBackgroud;
			sourceTree = "<group>";
		};
/* End PBXGroup section */

/* Begin PBXNativeTarget section */
		714541A31DB45E1A0097FE24 /* NSTableViewCustomBackgroud */ = {
			isa = PBXNativeTarget;
			buildConfigurationList = 714541B31DB45E1A0097FE24 /* Build configuration list for PBXNativeTarget "NSTableViewCustomBackgroud" */;
			buildPhases = (
				714541A01DB45E1A0097FE24 /* Sources */,
				714541A11DB45E1A0097FE24 /* Frameworks */,
				714541A21DB45E1A0097FE24 /* Resources */,
			);
			buildRules = (
			);
			dependencies = (
			);
			name = NSTableViewCustomBackgroud;
			productName = NSTableViewCustomBackgroud;
			productReference = 714541A41DB45E1A0097FE24 /* NSTableViewCustomBackgroud.app */;
			productType = "com.apple.product-type.application";
		};
/* End PBXNativeTarget section */

/* Begin PBXProject section */
		7145419C1DB45E1A0097FE24 /* Project object */ = {
			isa = PBXProject;
			attributes = {
				LastSwiftUpdateCheck = 0800;
				LastUpgradeCheck = 0800;
				ORGANIZATIONNAME = macdev;
				TargetAttributes = {
					714541A31DB45E1A0097FE24 = {
						CreatedOnToolsVersion = 8.0;
						ProvisioningStyle = Automatic;
					};
				};
			};
			buildConfigurationList = 7145419F1DB45E1A0097FE24 /* Build configuration list for PBXProject "NSTableViewCustomBackgroud" */;
			compatibilityVersion = "Xcode 3.2";
			developmentRegion = English;
			hasScannedForEncodings = 0;
			knownRegions = (
				en,
				Base,
			);
			mainGroup = 7145419B1DB45E1A0097FE24;
			productRefGroup = 714541A51DB45E1A0097FE24 /* Products */;
			projectDirPath = "";
			projectRoot = "";
			targets = (
				714541A31DB45E1A0097FE24 /* NSTableViewCustomBackgroud */,
			);
		};
/* End PBXProject section */

/* Begin PBXResourcesBuildPhase section */
		714541A21DB45E1A0097FE24 /* Resources */ = {
			isa = PBXResourcesBuildPhase;
			buildActionMask = 2147483647;
			files = (
				714541AC1DB45E1A0097FE24 /* Assets.xcassets in Resources */,
				714541AF1DB45E1A0097FE24 /* Main.storyboard in Resources */,
			);
			runOnlyForDeploymentPostprocessing = 0;
		};
/* End PBXResourcesBuildPhase section */

/* Begin PBXSourcesBuildPhase section */
		714541A01DB45E1A0097FE24 /* Sources */ = {
			isa = PBXSourcesBuildPhase;
			buildActionMask = 2147483647;
			files = (
				714541AA1DB45E1A0097FE24 /* ViewController.swift in Sources */,
				714541A81DB45E1A0097FE24 /* AppDelegate.swift in Sources */,
				714541B71DB45EE20097FE24 /* CustomTableView.swift in Sources */,
			);
			runOnlyForDeploymentPostprocessing = 0;
		};
/* End PBXSourcesBuildPhase section */

/* Begin PBXVariantGroup section */
		714541AD1DB45E1A0097FE24 /* Main.storyboard */ = {
			isa = PBXVariantGroup;
			children = (
				714541AE1DB45E1A0097FE24 /* Base */,
			);
			name = Main.storyboard;
			sourceTree = "<group>";
		};
/* End PBXVariantGroup section */

/* Begin XCBuildConfiguration section */
		714541B11DB45E1A0097FE24 /* Debug */ = {
			isa = XCBuildConfiguration;
			buildSettings = {
				ALWAYS_SEARCH_USER_PATHS = NO;
				CLANG_ANALYZER_NONNULL = YES;
				CLANG_CXX_LANGUAGE_STANDARD = "gnu++0x";
				CLANG_CXX_LIBRARY = "libc++";
				CLANG_ENABLE_MODULES = YES;
				CLANG_ENABLE_OBJC_ARC = YES;
				CLANG_WARN_BOOL_CONVERSION = YES;
				CLANG_WARN_CONSTANT_CONVERSION = YES;
				CLANG_WARN_DIRECT_OBJC_ISA_USAGE = YES_ERROR;
				CLANG_WARN_DOCUMENTATION_COMMENTS = YES;
				CLANG_WARN_EMPTY_BODY = YES;
				CLANG_WARN_ENUM_CONVERSION = YES;
				CLANG_WARN_INFINITE_RECURSION = YES;
				CLANG_WARN_INT_CONVERSION = YES;
				CLANG_WARN_OBJC_ROOT_CLASS = YES_ERROR;
				CLANG_WARN_SUSPICIOUS_MOVES = YES;
				CLANG_WARN_UNREACHABLE_CODE = YES;
				CLANG_WARN__DUPLICATE_METHOD_MATCH = YES;
				CODE_SIGN_IDENTITY = "-";
				COPY_PHASE_STRIP = NO;
				DEBUG_INFORMATION_FORMAT = dwarf;
				ENABLE_STRICT_OBJC_MSGSEND = YES;
				ENABLE_TESTABILITY = YES;
				GCC_C_LANGUAGE_STANDARD = gnu99;
				GCC_DYNAMIC_NO_PIC = NO;
				GCC_NO_COMMON_BLOCKS = YES;
				GCC_OPTIMIZATION_LEVEL = 0;
				GCC_PREPROCESSOR_DEFINITIONS = (
					"DEBUG=1",
					"$(inherited)",
				);
				GCC_WARN_64_TO_32_BIT_CONVERSION = YES;
				GCC_WARN_ABOUT_RETURN_TYPE = YES_ERROR;
				GCC_WARN_UNDECLARED_SELECTOR = YES;
				GCC_WARN_UNINITIALIZED_AUTOS = YES_AGGRESSIVE;
				GCC_WARN_UNUSED_FUNCTION = YES;
				GCC_WARN_UNUSED_VARIABLE = YES;
				MACOSX_DEPLOYMENT_TARGET = 10.11;
				MTL_ENABLE_DEBUG_INFO = YES;
				ONLY_ACTIVE_ARCH = YES;
				SDKROOT = macosx;
				SWIFT_ACTIVE_COMPILATION_CONDITIONS = DEBUG;
				SWIFT_OPTIMIZATION_LEVEL = "-Onone";
			};
			name = Debug;
		};
		714541B21DB45E1A0097FE24 /* Release */ = {
			isa = XCBuildConfiguration;
			buildSettings = {
				ALWAYS_SEARCH_USER_PATHS = NO;
				CLANG_ANALYZER_NONNULL = YES;
				CLANG_CXX_LANGUAGE_STANDARD = "gnu++0x";
				CLANG_CXX_LIBRARY = "libc++";
				CLANG_ENABLE_MODULES = YES;
				CLANG_ENABLE_OBJC_ARC = YES;
				CLANG_WARN_BOOL_CONVERSION = YES;
				CLANG_WARN_CONSTANT_CONVERSION = YES;
				CLANG_WARN_DIRECT_OBJC_ISA_USAGE = YES_ERROR;
				CLANG_WARN_DOCUMENTATION_COMMENTS = YES;
				CLANG_WARN_EMPTY_BODY = YES;
				CLANG_WARN_ENUM_CONVERSION = YES;
				CLANG_WARN_INFINITE_RECURSION = YES;
				CLANG_WARN_INT_CONVERSION = YES;
				CLANG_WARN_OBJC_ROOT_CLASS = YES_ERROR;
				CLANG_WARN_SUSPICIOUS_MOVES = YES;
				CLANG_WARN_UNREACHABLE_CODE = YES;
				CLANG_WARN__DUPLICATE_METHOD_MATCH = YES;
				CODE_SIGN_IDENTITY = "-";
				COPY_PHASE_STRIP = NO;
				DEBUG_INFORMATION_FORMAT = "dwarf-with-dsym";
				ENABLE_NS_ASSERTIONS = NO;
				ENABLE_STRICT_OBJC_MSGSEND = YES;
				GCC_C_LANGUAGE_STANDARD = gnu99;
				GCC_NO_COMMON_BLOCKS = YES;
				GCC_WARN_64_TO_32_BIT_CONVERSION = YES;
				GCC_WARN_ABOUT_RETURN_TYPE = YES_ERROR;
				GCC_WARN_UNDECLARED_SELECTOR = YES;
				GCC_WARN_UNINITIALIZED_AUTOS = YES_AGGRESSIVE;
				GCC_WARN_UNUSED_FUNCTION = YES;
				GCC_WARN_UNUSED_VARIABLE = YES;
				MACOSX_DEPLOYMENT_TARGET = 10.11;
				MTL_ENABLE_DEBUG_INFO = NO;
				SDKROOT = macosx;
				SWIFT_OPTIMIZATION_LEVEL = "-Owholemodule";
			};
			name = Release;
		};
		714541B41DB45E1A0097FE24 /* Debug */ = {
			isa = XCBuildConfiguration;
			buildSettings = {
				ASSETCATALOG_COMPILER_APPICON_NAME = AppIcon;
				COMBINE_HIDPI_IMAGES = YES;
				INFOPLIST_FILE = NSTableViewCustomBackgroud/Info.plist;
				LD_RUNPATH_SEARCH_PATHS = "$(inherited) @executable_path/../Frameworks";
				PRODUCT_BUNDLE_IDENTIFIER = app.io.NSTableViewCustomBackgroud;
				PRODUCT_NAME = "$(TARGET_NAME)";
				SWIFT_VERSION = 3.0;
			};
			name = Debug;
		};
		714541B51DB45E1A0097FE24 /* Release */ = {
			isa = XCBuildConfiguration;
			buildSettings = {
				ASSETCATALOG_COMPILER_APPICON_NAME = AppIcon;
				COMBINE_HIDPI_IMAGES = YES;
				INFOPLIST_FILE = NSTableViewCustomBackgroud/Info.plist;
				LD_RUNPATH_SEARCH_PATHS = "$(inherited) @executable_path/../Frameworks";
				PRODUCT_BUNDLE_IDENTIFIER = app.io.NSTableViewCustomBackgroud;
				PRODUCT_NAME = "$(TARGET_NAME)";
				SWIFT_VERSION = 3.0;
			};
			name = Release;
		};
/* End XCBuildConfiguration section */

/* Begin XCConfigurationList section */
		7145419F1DB45E1A0097FE24 /* Build configuration list for PBXProject "NSTableViewCustomBackgroud" */ = {
			isa = XCConfigurationList;
			buildConfigurations = (
				714541B11DB45E1A0097FE24 /* Debug */,
				714541B21DB45E1A0097FE24 /* Release */,
			);
			defaultConfigurationIsVisible = 0;
			defaultConfigurationName = Release;
		};
		714541B31DB45E1A0097FE24 /* Build configuration list for PBXNativeTarget "NSTableViewCustomBackgroud" */ = {
			isa = XCConfigurationList;
			buildConfigurations = (
				714541B41DB45E1A0097FE24 /* Debug */,
				714541B51DB45E1A0097FE24 /* Release */,
			);
			defaultConfigurationIsVisible = 0;
		};
/* End XCConfigurationList section */
	};
	rootObject = 7145419C1DB45E1A0097FE24 /* Project object */;
}
