// !$*UTF8*$!
{
	archiveVersion = 1;
	classes = {
	};
	objectVersion = 46;
	objects = {

/* Begin PBXBuildFile section */
		714A8F5E1D33CA14003AFA88 /* AppDelegate.swift in Sources */ = {isa = PBXBuildFile; fileRef = 714A8F5D1D33CA14003AFA88 /* AppDelegate.swift */; };
		714A8F601D33CA14003AFA88 /* ViewController.swift in Sources */ = {isa = PBXBuildFile; fileRef = 714A8F5F1D33CA14003AFA88 /* ViewController.swift */; };
		714A8F621D33CA14003AFA88 /* Assets.xcassets in Resources */ = {isa = PBXBuildFile; fileRef = 714A8F611D33CA14003AFA88 /* Assets.xcassets */; };
		714A8F651D33CA14003AFA88 /* Main.storyboard in Resources */ = {isa = PBXBuildFile; fileRef = 714A8F631D33CA14003AFA88 /* Main.storyboard */; };
		714A8F6D1D33CE3F003AFA88 /* TreeNodeModel.swift in Sources */ = {isa = PBXBuildFile; fileRef = 714A8F6C1D33CE3F003AFA88 /* TreeNodeModel.swift */; };
		715BEF401DDC0F0E0043D080 /* OutlineView.swift in Sources */ = {isa = PBXBuildFile; fileRef = 715BEF3F1DDC0F0E0043D080 /* OutlineView.swift */; };
/* End PBXBuildFile section */

/* Begin PBXFileReference section */
		714A8F5A1D33CA14003AFA88 /* NSOutlineView.app */ = {isa = PBXFileReference; explicitFileType = wrapper.application; includeInIndex = 0; path = NSOutlineView.app; sourceTree = BUILT_PRODUCTS_DIR; };
		714A8F5D1D33CA14003AFA88 /* AppDelegate.swift */ = {isa = PBXFileReference; lastKnownFileType = sourcecode.swift; path = AppDelegate.swift; sourceTree = "<group>"; };
		714A8F5F1D33CA14003AFA88 /* ViewController.swift */ = {isa = PBXFileReference; lastKnownFileType = sourcecode.swift; path = ViewController.swift; sourceTree = "<group>"; };
		714A8F611D33CA14003AFA88 /* Assets.xcassets */ = {isa = PBXFileReference; lastKnownFileType = folder.assetcatalog; path = Assets.xcassets; sourceTree = "<group>"; };
		714A8F641D33CA14003AFA88 /* Base */ = {isa = PBXFileReference; lastKnownFileType = file.storyboard; name = Base; path = Base.lproj/Main.storyboard; sourceTree = "<group>"; };
		714A8F661D33CA14003AFA88 /* Info.plist */ = {isa = PBXFileReference; lastKnownFileType = text.plist.xml; path = Info.plist; sourceTree = "<group>"; };
		714A8F6C1D33CE3F003AFA88 /* TreeNodeModel.swift */ = {isa = PBXFileReference; fileEncoding = 4; lastKnownFileType = sourcecode.swift; path = TreeNodeModel.swift; sourceTree = "<group>"; };
		715BEF3F1DDC0F0E0043D080 /* OutlineView.swift */ = {isa = PBXFileReference; fileEncoding = 4; lastKnownFileType = sourcecode.swift; path = OutlineView.swift; sourceTree = "<group>"; };
/* End PBXFileReference section */

/* Begin PBXFrameworksBuildPhase section */
		714A8F571D33CA14003AFA88 /* Frameworks */ = {
			isa = PBXFrameworksBuildPhase;
			buildActionMask = 2147483647;
			files = (
			);
			runOnlyForDeploymentPostprocessing = 0;
		};
/* End PBXFrameworksBuildPhase section */

/* Begin PBXGroup section */
		714A8F511D33CA14003AFA88 = {
			isa = PBXGroup;
			children = (
				714A8F5C1D33CA14003AFA88 /* NSOutlineView */,
				714A8F5B1D33CA14003AFA88 /* Products */,
			);
			sourceTree = "<group>";
		};
		714A8F5B1D33CA14003AFA88 /* Products */ = {
			isa = PBXGroup;
			children = (
				714A8F5A1D33CA14003AFA88 /* NSOutlineView.app */,
			);
			name = Products;
			sourceTree = "<group>";
		};
		714A8F5C1D33CA14003AFA88 /* NSOutlineView */ = {
			isa = PBXGroup;
			children = (
				714A8F5D1D33CA14003AFA88 /* AppDelegate.swift */,
				714A8F5F1D33CA14003AFA88 /* ViewController.swift */,
				715BEF3F1DDC0F0E0043D080 /* OutlineView.swift */,
				714A8F611D33CA14003AFA88 /* Assets.xcassets */,
				714A8F631D33CA14003AFA88 /* Main.storyboard */,
				714A8F661D33CA14003AFA88 /* Info.plist */,
				714A8F6C1D33CE3F003AFA88 /* TreeNodeModel.swift */,
			);
			path = NSOutlineView;
			sourceTree = "<group>";
		};
/* End PBXGroup section */

/* Begin PBXNativeTarget section */
		714A8F591D33CA14003AFA88 /* NSOutlineView */ = {
			isa = PBXNativeTarget;
			buildConfigurationList = 714A8F691D33CA14003AFA88 /* Build configuration list for PBXNativeTarget "NSOutlineView" */;
			buildPhases = (
				714A8F561D33CA14003AFA88 /* Sources */,
				714A8F571D33CA14003AFA88 /* Frameworks */,
				714A8F581D33CA14003AFA88 /* Resources */,
			);
			buildRules = (
			);
			dependencies = (
			);
			name = NSOutlineView;
			productName = NSOutlineView;
			productReference = 714A8F5A1D33CA14003AFA88 /* NSOutlineView.app */;
			productType = "com.apple.product-type.application";
		};
/* End PBXNativeTarget section */

/* Begin PBXProject section */
		714A8F521D33CA14003AFA88 /* Project object */ = {
			isa = PBXProject;
			attributes = {
				LastSwiftUpdateCheck = 0800;
				LastUpgradeCheck = 0800;
				ORGANIZATIONNAME = "http://macdev.io";
				TargetAttributes = {
					714A8F591D33CA14003AFA88 = {
						CreatedOnToolsVersion = 8.0;
						DevelopmentTeamName = "junwei zhao";
						LastSwiftMigration = 0900;
						ProvisioningStyle = Manual;
					};
				};
			};
			buildConfigurationList = 714A8F551D33CA14003AFA88 /* Build configuration list for PBXProject "NSOutlineView" */;
			compatibilityVersion = "Xcode 3.2";
			developmentRegion = English;
			hasScannedForEncodings = 0;
			knownRegions = (
				en,
				Base,
			);
			mainGroup = 714A8F511D33CA14003AFA88;
			productRefGroup = 714A8F5B1D33CA14003AFA88 /* Products */;
			projectDirPath = "";
			projectRoot = "";
			targets = (
				714A8F591D33CA14003AFA88 /* NSOutlineView */,
			);
		};
/* End PBXProject section */

/* Begin PBXResourcesBuildPhase section */
		714A8F581D33CA14003AFA88 /* Resources */ = {
			isa = PBXResourcesBuildPhase;
			buildActionMask = 2147483647;
			files = (
				714A8F621D33CA14003AFA88 /* Assets.xcassets in Resources */,
				714A8F651D33CA14003AFA88 /* Main.storyboard in Resources */,
			);
			runOnlyForDeploymentPostprocessing = 0;
		};
/* End PBXResourcesBuildPhase section */

/* Begin PBXSourcesBuildPhase section */
		714A8F561D33CA14003AFA88 /* Sources */ = {
			isa = PBXSourcesBuildPhase;
			buildActionMask = 2147483647;
			files = (
				714A8F6D1D33CE3F003AFA88 /* TreeNodeModel.swift in Sources */,
				714A8F601D33CA14003AFA88 /* ViewController.swift in Sources */,
				714A8F5E1D33CA14003AFA88 /* AppDelegate.swift in Sources */,
				715BEF401DDC0F0E0043D080 /* OutlineView.swift in Sources */,
			);
			runOnlyForDeploymentPostprocessing = 0;
		};
/* End PBXSourcesBuildPhase section */

/* Begin PBXVariantGroup section */
		714A8F631D33CA14003AFA88 /* Main.storyboard */ = {
			isa = PBXVariantGroup;
			children = (
				714A8F641D33CA14003AFA88 /* Base */,
			);
			name = Main.storyboard;
			sourceTree = "<group>";
		};
/* End PBXVariantGroup section */

/* Begin XCBuildConfiguration section */
		714A8F671D33CA14003AFA88 /* Debug */ = {
			isa = XCBuildConfiguration;
			buildSettings = {
				ALWAYS_SEARCH_USER_PATHS = NO;
				CLANG_ANALYZER_NONNULL = YES;
				CLANG_CXX_LANGUAGE_STANDARD = "gnu++0x";
				CLANG_CXX_LIBRARY = "libc++";
				CLANG_ENABLE_MODULES = YES;
				CLANG_ENABLE_OBJC_ARC = YES;
				CLANG_WARN_BOOL_CONVERSION = YES;
				CLANG_WARN_CONSTANT_CONVERSION = YES;
				CLANG_WARN_DIRECT_OBJC_ISA_USAGE = YES_ERROR;
				CLANG_WARN_DOCUMENTATION_COMMENTS = YES;
				CLANG_WARN_EMPTY_BODY = YES;
				CLANG_WARN_ENUM_CONVERSION = YES;
				CLANG_WARN_INT_CONVERSION = YES;
				CLANG_WARN_OBJC_ROOT_CLASS = YES_ERROR;
				CLANG_WARN_UNREACHABLE_CODE = YES;
				CLANG_WARN__DUPLICATE_METHOD_MATCH = YES;
				CODE_SIGN_IDENTITY = "-";
				COPY_PHASE_STRIP = NO;
				DEBUG_INFORMATION_FORMAT = dwarf;
				ENABLE_STRICT_OBJC_MSGSEND = YES;
				ENABLE_TESTABILITY = YES;
				GCC_C_LANGUAGE_STANDARD = gnu99;
				GCC_DYNAMIC_NO_PIC = NO;
				GCC_NO_COMMON_BLOCKS = YES;
				GCC_OPTIMIZATION_LEVEL = 0;
				GCC_PREPROCESSOR_DEFINITIONS = (
					"DEBUG=1",
					"$(inherited)",
				);
				GCC_WARN_64_TO_32_BIT_CONVERSION = YES;
				GCC_WARN_ABOUT_RETURN_TYPE = YES_ERROR;
				GCC_WARN_UNDECLARED_SELECTOR = YES;
				GCC_WARN_UNINITIALIZED_AUTOS = YES_AGGRESSIVE;
				GCC_WARN_UNUSED_FUNCTION = YES;
				GCC_WARN_UNUSED_VARIABLE = YES;
				MACOSX_DEPLOYMENT_TARGET = 10.11;
				MTL_ENABLE_DEBUG_INFO = YES;
				ONLY_ACTIVE_ARCH = YES;
				SDKROOT = macosx;
				SWIFT_ACTIVE_COMPILATION_CONDITIONS = DEBUG;
				SWIFT_OPTIMIZATION_LEVEL = "-Onone";
			};
			name = Debug;
		};
		714A8F681D33CA14003AFA88 /* Release */ = {
			isa = XCBuildConfiguration;
			buildSettings = {
				ALWAYS_SEARCH_USER_PATHS = NO;
				CLANG_ANALYZER_NONNULL = YES;
				CLANG_CXX_LANGUAGE_STANDARD = "gnu++0x";
				CLANG_CXX_LIBRARY = "libc++";
				CLANG_ENABLE_MODULES = YES;
				CLANG_ENABLE_OBJC_ARC = YES;
				CLANG_WARN_BOOL_CONVERSION = YES;
				CLANG_WARN_CONSTANT_CONVERSION = YES;
				CLANG_WARN_DIRECT_OBJC_ISA_USAGE = YES_ERROR;
				CLANG_WARN_DOCUMENTATION_COMMENTS = YES;
				CLANG_WARN_EMPTY_BODY = YES;
				CLANG_WARN_ENUM_CONVERSION = YES;
				CLANG_WARN_INT_CONVERSION = YES;
				CLANG_WARN_OBJC_ROOT_CLASS = YES_ERROR;
				CLANG_WARN_UNREACHABLE_CODE = YES;
				CLANG_WARN__DUPLICATE_METHOD_MATCH = YES;
				CODE_SIGN_IDENTITY = "-";
				COPY_PHASE_STRIP = NO;
				DEBUG_INFORMATION_FORMAT = "dwarf-with-dsym";
				ENABLE_NS_ASSERTIONS = NO;
				ENABLE_STRICT_OBJC_MSGSEND = YES;
				GCC_C_LANGUAGE_STANDARD = gnu99;
				GCC_NO_COMMON_BLOCKS = YES;
				GCC_WARN_64_TO_32_BIT_CONVERSION = YES;
				GCC_WARN_ABOUT_RETURN_TYPE = YES_ERROR;
				GCC_WARN_UNDECLARED_SELECTOR = YES;
				GCC_WARN_UNINITIALIZED_AUTOS = YES_AGGRESSIVE;
				GCC_WARN_UNUSED_FUNCTION = YES;
				GCC_WARN_UNUSED_VARIABLE = YES;
				MACOSX_DEPLOYMENT_TARGET = 10.11;
				MTL_ENABLE_DEBUG_INFO = NO;
				SDKROOT = macosx;
				SWIFT_OPTIMIZATION_LEVEL = "-Owholemodule";
			};
			name = Release;
		};
		714A8F6A1D33CA14003AFA88 /* Debug */ = {
			isa = XCBuildConfiguration;
			buildSettings = {
				ASSETCATALOG_COMPILER_APPICON_NAME = AppIcon;
				CODE_SIGN_IDENTITY = "";
				CODE_SIGN_STYLE = Manual;
				COMBINE_HIDPI_IMAGES = YES;
				DEVELOPMENT_TEAM = "";
				INFOPLIST_FILE = NSOutlineView/Info.plist;
				LD_RUNPATH_SEARCH_PATHS = "$(inherited) @executable_path/../Frameworks";
				PRODUCT_BUNDLE_IDENTIFIER = macdev.io.NSOutlineView;
				PRODUCT_NAME = "$(TARGET_NAME)";
				PROVISIONING_PROFILE_SPECIFIER = "";
				SWIFT_SWIFT3_OBJC_INFERENCE = On;
				SWIFT_VERSION = 4.0;
			};
			name = Debug;
		};
		714A8F6B1D33CA14003AFA88 /* Release */ = {
			isa = XCBuildConfiguration;
			buildSettings = {
				ASSETCATALOG_COMPILER_APPICON_NAME = AppIcon;
				CODE_SIGN_IDENTITY = "";
				CODE_SIGN_STYLE = Manual;
				COMBINE_HIDPI_IMAGES = YES;
				DEVELOPMENT_TEAM = "";
				INFOPLIST_FILE = NSOutlineView/Info.plist;
				LD_RUNPATH_SEARCH_PATHS = "$(inherited) @executable_path/../Frameworks";
				PRODUCT_BUNDLE_IDENTIFIER = macdev.io.NSOutlineView;
				PRODUCT_NAME = "$(TARGET_NAME)";
				PROVISIONING_PROFILE_SPECIFIER = "";
				SWIFT_SWIFT3_OBJC_INFERENCE = On;
				SWIFT_VERSION = 4.0;
			};
			name = Release;
		};
/* End XCBuildConfiguration section */

/* Begin XCConfigurationList section */
		714A8F551D33CA14003AFA88 /* Build configuration list for PBXProject "NSOutlineView" */ = {
			isa = XCConfigurationList;
			buildConfigurations = (
				714A8F671D33CA14003AFA88 /* Debug */,
				714A8F681D33CA14003AFA88 /* Release */,
			);
			defaultConfigurationIsVisible = 0;
			defaultConfigurationName = Release;
		};
		714A8F691D33CA14003AFA88 /* Build configuration list for PBXNativeTarget "NSOutlineView" */ = {
			isa = XCConfigurationList;
			buildConfigurations = (
				714A8F6A1D33CA14003AFA88 /* Debug */,
				714A8F6B1D33CA14003AFA88 /* Release */,
			);
			defaultConfigurationIsVisible = 0;
			defaultConfigurationName = Release;
		};
/* End XCConfigurationList section */
	};
	rootObject = 714A8F521D33CA14003AFA88 /* Project object */;
}
