// !$*UTF8*$!
{
	archiveVersion = 1;
	classes = {
	};
	objectVersion = 46;
	objects = {

/* Begin PBXBuildFile section */
		713973961D6493880003F684 /* DataNavigationItem.swift in Sources */ = {isa = PBXBuildFile; fileRef = 713973951D6493880003F684 /* DataNavigationItem.swift */; };
		713973981D6497070003F684 /* DataNavigationView.swift in Sources */ = {isa = PBXBuildFile; fileRef = 713973971D6497070003F684 /* DataNavigationView.swift */; };
		71C8E7E81D6341DC0051DFF2 /* AppDelegate.swift in Sources */ = {isa = PBXBuildFile; fileRef = 71C8E7E71D6341DC0051DFF2 /* AppDelegate.swift */; };
		71C8E7EA1D6341DC0051DFF2 /* ViewController.swift in Sources */ = {isa = PBXBuildFile; fileRef = 71C8E7E91D6341DC0051DFF2 /* ViewController.swift */; };
		71C8E7EC1D6341DC0051DFF2 /* Assets.xcassets in Resources */ = {isa = PBXBuildFile; fileRef = 71C8E7EB1D6341DC0051DFF2 /* Assets.xcassets */; };
		71C8E7EF1D6341DC0051DFF2 /* Main.storyboard in Resources */ = {isa = PBXBuildFile; fileRef = 71C8E7ED1D6341DC0051DFF2 /* Main.storyboard */; };
/* End PBXBuildFile section */

/* Begin PBXFileReference section */
		713973951D6493880003F684 /* DataNavigationItem.swift */ = {isa = PBXFileReference; fileEncoding = 4; lastKnownFileType = sourcecode.swift; path = DataNavigationItem.swift; sourceTree = "<group>"; };
		713973971D6497070003F684 /* DataNavigationView.swift */ = {isa = PBXFileReference; fileEncoding = 4; lastKnownFileType = sourcecode.swift; path = DataNavigationView.swift; sourceTree = "<group>"; };
		71C8E7E41D6341DC0051DFF2 /* DataNavigationView.app */ = {isa = PBXFileReference; explicitFileType = wrapper.application; includeInIndex = 0; path = DataNavigationView.app; sourceTree = BUILT_PRODUCTS_DIR; };
		71C8E7E71D6341DC0051DFF2 /* AppDelegate.swift */ = {isa = PBXFileReference; lastKnownFileType = sourcecode.swift; path = AppDelegate.swift; sourceTree = "<group>"; };
		71C8E7E91D6341DC0051DFF2 /* ViewController.swift */ = {isa = PBXFileReference; lastKnownFileType = sourcecode.swift; path = ViewController.swift; sourceTree = "<group>"; };
		71C8E7EB1D6341DC0051DFF2 /* Assets.xcassets */ = {isa = PBXFileReference; lastKnownFileType = folder.assetcatalog; path = Assets.xcassets; sourceTree = "<group>"; };
		71C8E7EE1D6341DC0051DFF2 /* Base */ = {isa = PBXFileReference; lastKnownFileType = file.storyboard; name = Base; path = Base.lproj/Main.storyboard; sourceTree = "<group>"; };
		71C8E7F01D6341DC0051DFF2 /* Info.plist */ = {isa = PBXFileReference; lastKnownFileType = text.plist.xml; path = Info.plist; sourceTree = "<group>"; };
/* End PBXFileReference section */

/* Begin PBXFrameworksBuildPhase section */
		71C8E7E11D6341DC0051DFF2 /* Frameworks */ = {
			isa = PBXFrameworksBuildPhase;
			buildActionMask = 2147483647;
			files = (
			);
			runOnlyForDeploymentPostprocessing = 0;
		};
/* End PBXFrameworksBuildPhase section */

/* Begin PBXGroup section */
		71C8E7DB1D6341DC0051DFF2 = {
			isa = PBXGroup;
			children = (
				71C8E7E61D6341DC0051DFF2 /* DataNavigationView */,
				71C8E7E51D6341DC0051DFF2 /* Products */,
			);
			sourceTree = "<group>";
		};
		71C8E7E51D6341DC0051DFF2 /* Products */ = {
			isa = PBXGroup;
			children = (
				71C8E7E41D6341DC0051DFF2 /* DataNavigationView.app */,
			);
			name = Products;
			sourceTree = "<group>";
		};
		71C8E7E61D6341DC0051DFF2 /* DataNavigationView */ = {
			isa = PBXGroup;
			children = (
				71C8E7E71D6341DC0051DFF2 /* AppDelegate.swift */,
				71C8E7E91D6341DC0051DFF2 /* ViewController.swift */,
				71C8E7EB1D6341DC0051DFF2 /* Assets.xcassets */,
				71C8E7ED1D6341DC0051DFF2 /* Main.storyboard */,
				71C8E7F01D6341DC0051DFF2 /* Info.plist */,
				713973951D6493880003F684 /* DataNavigationItem.swift */,
				713973971D6497070003F684 /* DataNavigationView.swift */,
			);
			path = DataNavigationView;
			sourceTree = "<group>";
		};
/* End PBXGroup section */

/* Begin PBXNativeTarget section */
		71C8E7E31D6341DC0051DFF2 /* DataNavigationView */ = {
			isa = PBXNativeTarget;
			buildConfigurationList = 71C8E7F31D6341DC0051DFF2 /* Build configuration list for PBXNativeTarget "DataNavigationView" */;
			buildPhases = (
				71C8E7E01D6341DC0051DFF2 /* Sources */,
				71C8E7E11D6341DC0051DFF2 /* Frameworks */,
				71C8E7E21D6341DC0051DFF2 /* Resources */,
			);
			buildRules = (
			);
			dependencies = (
			);
			name = DataNavigationView;
			productName = DataNavigationView;
			productReference = 71C8E7E41D6341DC0051DFF2 /* DataNavigationView.app */;
			productType = "com.apple.product-type.application";
		};
/* End PBXNativeTarget section */

/* Begin PBXProject section */
		71C8E7DC1D6341DC0051DFF2 /* Project object */ = {
			isa = PBXProject;
			attributes = {
				LastSwiftUpdateCheck = 0800;
				LastUpgradeCheck = 0800;
				ORGANIZATIONNAME = macdev;
				TargetAttributes = {
					71C8E7E31D6341DC0051DFF2 = {
						CreatedOnToolsVersion = 8.0;
						LastSwiftMigration = 0900;
						ProvisioningStyle = Manual;
					};
				};
			};
			buildConfigurationList = 71C8E7DF1D6341DC0051DFF2 /* Build configuration list for PBXProject "DataNavigationView" */;
			compatibilityVersion = "Xcode 3.2";
			developmentRegion = English;
			hasScannedForEncodings = 0;
			knownRegions = (
				en,
				Base,
			);
			mainGroup = 71C8E7DB1D6341DC0051DFF2;
			productRefGroup = 71C8E7E51D6341DC0051DFF2 /* Products */;
			projectDirPath = "";
			projectRoot = "";
			targets = (
				71C8E7E31D6341DC0051DFF2 /* DataNavigationView */,
			);
		};
/* End PBXProject section */

/* Begin PBXResourcesBuildPhase section */
		71C8E7E21D6341DC0051DFF2 /* Resources */ = {
			isa = PBXResourcesBuildPhase;
			buildActionMask = 2147483647;
			files = (
				71C8E7EC1D6341DC0051DFF2 /* Assets.xcassets in Resources */,
				71C8E7EF1D6341DC0051DFF2 /* Main.storyboard in Resources */,
			);
			runOnlyForDeploymentPostprocessing = 0;
		};
/* End PBXResourcesBuildPhase section */

/* Begin PBXSourcesBuildPhase section */
		71C8E7E01D6341DC0051DFF2 /* Sources */ = {
			isa = PBXSourcesBuildPhase;
			buildActionMask = 2147483647;
			files = (
				713973981D6497070003F684 /* DataNavigationView.swift in Sources */,
				713973961D6493880003F684 /* DataNavigationItem.swift in Sources */,
				71C8E7EA1D6341DC0051DFF2 /* ViewController.swift in Sources */,
				71C8E7E81D6341DC0051DFF2 /* AppDelegate.swift in Sources */,
			);
			runOnlyForDeploymentPostprocessing = 0;
		};
/* End PBXSourcesBuildPhase section */

/* Begin PBXVariantGroup section */
		71C8E7ED1D6341DC0051DFF2 /* Main.storyboard */ = {
			isa = PBXVariantGroup;
			children = (
				71C8E7EE1D6341DC0051DFF2 /* Base */,
			);
			name = Main.storyboard;
			sourceTree = "<group>";
		};
/* End PBXVariantGroup section */

/* Begin XCBuildConfiguration section */
		71C8E7F11D6341DC0051DFF2 /* Debug */ = {
			isa = XCBuildConfiguration;
			buildSettings = {
				ALWAYS_SEARCH_USER_PATHS = NO;
				CLANG_ANALYZER_NONNULL = YES;
				CLANG_CXX_LANGUAGE_STANDARD = "gnu++0x";
				CLANG_CXX_LIBRARY = "libc++";
				CLANG_ENABLE_MODULES = YES;
				CLANG_ENABLE_OBJC_ARC = YES;
				CLANG_WARN_BOOL_CONVERSION = YES;
				CLANG_WARN_CONSTANT_CONVERSION = YES;
				CLANG_WARN_DIRECT_OBJC_ISA_USAGE = YES_ERROR;
				CLANG_WARN_DOCUMENTATION_COMMENTS = YES;
				CLANG_WARN_EMPTY_BODY = YES;
				CLANG_WARN_ENUM_CONVERSION = YES;
				CLANG_WARN_INFINITE_RECURSION = YES;
				CLANG_WARN_INT_CONVERSION = YES;
				CLANG_WARN_OBJC_ROOT_CLASS = YES_ERROR;
				CLANG_WARN_SUSPICIOUS_MOVES = YES;
				CLANG_WARN_UNREACHABLE_CODE = YES;
				CLANG_WARN__DUPLICATE_METHOD_MATCH = YES;
				CODE_SIGN_IDENTITY = "-";
				COPY_PHASE_STRIP = NO;
				DEBUG_INFORMATION_FORMAT = dwarf;
				ENABLE_STRICT_OBJC_MSGSEND = YES;
				ENABLE_TESTABILITY = YES;
				GCC_C_LANGUAGE_STANDARD = gnu99;
				GCC_DYNAMIC_NO_PIC = NO;
				GCC_NO_COMMON_BLOCKS = YES;
				GCC_OPTIMIZATION_LEVEL = 0;
				GCC_PREPROCESSOR_DEFINITIONS = (
					"DEBUG=1",
					"$(inherited)",
				);
				GCC_WARN_64_TO_32_BIT_CONVERSION = YES;
				GCC_WARN_ABOUT_RETURN_TYPE = YES_ERROR;
				GCC_WARN_UNDECLARED_SELECTOR = YES;
				GCC_WARN_UNINITIALIZED_AUTOS = YES_AGGRESSIVE;
				GCC_WARN_UNUSED_FUNCTION = YES;
				GCC_WARN_UNUSED_VARIABLE = YES;
				MACOSX_DEPLOYMENT_TARGET = 10.11;
				MTL_ENABLE_DEBUG_INFO = YES;
				ONLY_ACTIVE_ARCH = YES;
				SDKROOT = macosx;
				SWIFT_ACTIVE_COMPILATION_CONDITIONS = DEBUG;
				SWIFT_OPTIMIZATION_LEVEL = "-Onone";
			};
			name = Debug;
		};
		71C8E7F21D6341DC0051DFF2 /* Release */ = {
			isa = XCBuildConfiguration;
			buildSettings = {
				ALWAYS_SEARCH_USER_PATHS = NO;
				CLANG_ANALYZER_NONNULL = YES;
				CLANG_CXX_LANGUAGE_STANDARD = "gnu++0x";
				CLANG_CXX_LIBRARY = "libc++";
				CLANG_ENABLE_MODULES = YES;
				CLANG_ENABLE_OBJC_ARC = YES;
				CLANG_WARN_BOOL_CONVERSION = YES;
				CLANG_WARN_CONSTANT_CONVERSION = YES;
				CLANG_WARN_DIRECT_OBJC_ISA_USAGE = YES_ERROR;
				CLANG_WARN_DOCUMENTATION_COMMENTS = YES;
				CLANG_WARN_EMPTY_BODY = YES;
				CLANG_WARN_ENUM_CONVERSION = YES;
				CLANG_WARN_INFINITE_RECURSION = YES;
				CLANG_WARN_INT_CONVERSION = YES;
				CLANG_WARN_OBJC_ROOT_CLASS = YES_ERROR;
				CLANG_WARN_SUSPICIOUS_MOVES = YES;
				CLANG_WARN_UNREACHABLE_CODE = YES;
				CLANG_WARN__DUPLICATE_METHOD_MATCH = YES;
				CODE_SIGN_IDENTITY = "-";
				COPY_PHASE_STRIP = NO;
				DEBUG_INFORMATION_FORMAT = "dwarf-with-dsym";
				ENABLE_NS_ASSERTIONS = NO;
				ENABLE_STRICT_OBJC_MSGSEND = YES;
				GCC_C_LANGUAGE_STANDARD = gnu99;
				GCC_NO_COMMON_BLOCKS = YES;
				GCC_WARN_64_TO_32_BIT_CONVERSION = YES;
				GCC_WARN_ABOUT_RETURN_TYPE = YES_ERROR;
				GCC_WARN_UNDECLARED_SELECTOR = YES;
				GCC_WARN_UNINITIALIZED_AUTOS = YES_AGGRESSIVE;
				GCC_WARN_UNUSED_FUNCTION = YES;
				GCC_WARN_UNUSED_VARIABLE = YES;
				MACOSX_DEPLOYMENT_TARGET = 10.11;
				MTL_ENABLE_DEBUG_INFO = NO;
				SDKROOT = macosx;
				SWIFT_OPTIMIZATION_LEVEL = "-Owholemodule";
			};
			name = Release;
		};
		71C8E7F41D6341DC0051DFF2 /* Debug */ = {
			isa = XCBuildConfiguration;
			buildSettings = {
				ASSETCATALOG_COMPILER_APPICON_NAME = AppIcon;
				CODE_SIGN_IDENTITY = "";
				CODE_SIGN_STYLE = Manual;
				COMBINE_HIDPI_IMAGES = YES;
				DEVELOPMENT_TEAM = "";
				INFOPLIST_FILE = DataNavigationView/Info.plist;
				LD_RUNPATH_SEARCH_PATHS = "$(inherited) @executable_path/../Frameworks";
				PRODUCT_BUNDLE_IDENTIFIER = macdev.io.DataNavigationView;
				PRODUCT_NAME = "$(TARGET_NAME)";
				PROVISIONING_PROFILE_SPECIFIER = "";
				SWIFT_SWIFT3_OBJC_INFERENCE = On;
				SWIFT_VERSION = 4.0;
			};
			name = Debug;
		};
		71C8E7F51D6341DC0051DFF2 /* Release */ = {
			isa = XCBuildConfiguration;
			buildSettings = {
				ASSETCATALOG_COMPILER_APPICON_NAME = AppIcon;
				CODE_SIGN_IDENTITY = "";
				CODE_SIGN_STYLE = Manual;
				COMBINE_HIDPI_IMAGES = YES;
				DEVELOPMENT_TEAM = "";
				INFOPLIST_FILE = DataNavigationView/Info.plist;
				LD_RUNPATH_SEARCH_PATHS = "$(inherited) @executable_path/../Frameworks";
				PRODUCT_BUNDLE_IDENTIFIER = macdev.io.DataNavigationView;
				PRODUCT_NAME = "$(TARGET_NAME)";
				PROVISIONING_PROFILE_SPECIFIER = "";
				SWIFT_SWIFT3_OBJC_INFERENCE = On;
				SWIFT_VERSION = 4.0;
			};
			name = Release;
		};
/* End XCBuildConfiguration section */

/* Begin XCConfigurationList section */
		71C8E7DF1D6341DC0051DFF2 /* Build configuration list for PBXProject "DataNavigationView" */ = {
			isa = XCConfigurationList;
			buildConfigurations = (
				71C8E7F11D6341DC0051DFF2 /* Debug */,
				71C8E7F21D6341DC0051DFF2 /* Release */,
			);
			defaultConfigurationIsVisible = 0;
			defaultConfigurationName = Release;
		};
		71C8E7F31D6341DC0051DFF2 /* Build configuration list for PBXNativeTarget "DataNavigationView" */ = {
			isa = XCConfigurationList;
			buildConfigurations = (
				71C8E7F41D6341DC0051DFF2 /* Debug */,
				71C8E7F51D6341DC0051DFF2 /* Release */,
			);
			defaultConfigurationIsVisible = 0;
			defaultConfigurationName = Release;
		};
/* End XCConfigurationList section */
	};
	rootObject = 71C8E7DC1D6341DC0051DFF2 /* Project object */;
}
