// !$*UTF8*$!
{
	archiveVersion = 1;
	classes = {
	};
	objectVersion = 46;
	objects = {

/* Begin PBXBuildFile section */
		718283681D9BA9D700BE22FA /* AppDelegate.swift in Sources */ = {isa = PBXBuildFile; fileRef = 718283671D9BA9D700BE22FA /* AppDelegate.swift */; };
		7182836A1D9BA9D700BE22FA /* ViewController.swift in Sources */ = {isa = PBXBuildFile; fileRef = 718283691D9BA9D700BE22FA /* ViewController.swift */; };
		7182836C1D9BA9D700BE22FA /* Assets.xcassets in Resources */ = {isa = PBXBuildFile; fileRef = 7182836B1D9BA9D700BE22FA /* Assets.xcassets */; };
		7182836F1D9BA9D700BE22FA /* Main.storyboard in Resources */ = {isa = PBXBuildFile; fileRef = 7182836D1D9BA9D700BE22FA /* Main.storyboard */; };
/* End PBXBuildFile section */

/* Begin PBXFileReference section */
		718283641D9BA9D700BE22FA /* HTTPFileDownUpload.app */ = {isa = PBXFileReference; explicitFileType = wrapper.application; includeInIndex = 0; path = HTTPFileDownUpload.app; sourceTree = BUILT_PRODUCTS_DIR; };
		718283671D9BA9D700BE22FA /* AppDelegate.swift */ = {isa = PBXFileReference; lastKnownFileType = sourcecode.swift; path = AppDelegate.swift; sourceTree = "<group>"; };
		718283691D9BA9D700BE22FA /* ViewController.swift */ = {isa = PBXFileReference; lastKnownFileType = sourcecode.swift; path = ViewController.swift; sourceTree = "<group>"; };
		7182836B1D9BA9D700BE22FA /* Assets.xcassets */ = {isa = PBXFileReference; lastKnownFileType = folder.assetcatalog; path = Assets.xcassets; sourceTree = "<group>"; };
		7182836E1D9BA9D700BE22FA /* Base */ = {isa = PBXFileReference; lastKnownFileType = file.storyboard; name = Base; path = Base.lproj/Main.storyboard; sourceTree = "<group>"; };
		718283701D9BA9D700BE22FA /* Info.plist */ = {isa = PBXFileReference; lastKnownFileType = text.plist.xml; path = Info.plist; sourceTree = "<group>"; };
/* End PBXFileReference section */

/* Begin PBXFrameworksBuildPhase section */
		718283611D9BA9D700BE22FA /* Frameworks */ = {
			isa = PBXFrameworksBuildPhase;
			buildActionMask = 2147483647;
			files = (
			);
			runOnlyForDeploymentPostprocessing = 0;
		};
/* End PBXFrameworksBuildPhase section */

/* Begin PBXGroup section */
		7182835B1D9BA9D700BE22FA = {
			isa = PBXGroup;
			children = (
				718283661D9BA9D700BE22FA /* HTTPFileDownUpload */,
				718283651D9BA9D700BE22FA /* Products */,
			);
			sourceTree = "<group>";
		};
		718283651D9BA9D700BE22FA /* Products */ = {
			isa = PBXGroup;
			children = (
				718283641D9BA9D700BE22FA /* HTTPFileDownUpload.app */,
			);
			name = Products;
			sourceTree = "<group>";
		};
		718283661D9BA9D700BE22FA /* HTTPFileDownUpload */ = {
			isa = PBXGroup;
			children = (
				718283671D9BA9D700BE22FA /* AppDelegate.swift */,
				718283691D9BA9D700BE22FA /* ViewController.swift */,
				7182836B1D9BA9D700BE22FA /* Assets.xcassets */,
				7182836D1D9BA9D700BE22FA /* Main.storyboard */,
				718283701D9BA9D700BE22FA /* Info.plist */,
			);
			path = HTTPFileDownUpload;
			sourceTree = "<group>";
		};
/* End PBXGroup section */

/* Begin PBXNativeTarget section */
		718283631D9BA9D700BE22FA /* HTTPFileDownUpload */ = {
			isa = PBXNativeTarget;
			buildConfigurationList = 718283731D9BA9D700BE22FA /* Build configuration list for PBXNativeTarget "HTTPFileDownUpload" */;
			buildPhases = (
				718283601D9BA9D700BE22FA /* Sources */,
				718283611D9BA9D700BE22FA /* Frameworks */,
				718283621D9BA9D700BE22FA /* Resources */,
			);
			buildRules = (
			);
			dependencies = (
			);
			name = HTTPFileDownUpload;
			productName = HTTPFileDownUpload;
			productReference = 718283641D9BA9D700BE22FA /* HTTPFileDownUpload.app */;
			productType = "com.apple.product-type.application";
		};
/* End PBXNativeTarget section */

/* Begin PBXProject section */
		7182835C1D9BA9D700BE22FA /* Project object */ = {
			isa = PBXProject;
			attributes = {
				LastSwiftUpdateCheck = 0800;
				LastUpgradeCheck = 0800;
				ORGANIZATIONNAME = macdev;
				TargetAttributes = {
					718283631D9BA9D700BE22FA = {
						CreatedOnToolsVersion = 8.0;
						LastSwiftMigration = 0900;
						ProvisioningStyle = Manual;
					};
				};
			};
			buildConfigurationList = 7182835F1D9BA9D700BE22FA /* Build configuration list for PBXProject "HTTPFileDownUpload" */;
			compatibilityVersion = "Xcode 3.2";
			developmentRegion = English;
			hasScannedForEncodings = 0;
			knownRegions = (
				en,
				Base,
			);
			mainGroup = 7182835B1D9BA9D700BE22FA;
			productRefGroup = 718283651D9BA9D700BE22FA /* Products */;
			projectDirPath = "";
			projectRoot = "";
			targets = (
				718283631D9BA9D700BE22FA /* HTTPFileDownUpload */,
			);
		};
/* End PBXProject section */

/* Begin PBXResourcesBuildPhase section */
		718283621D9BA9D700BE22FA /* Resources */ = {
			isa = PBXResourcesBuildPhase;
			buildActionMask = 2147483647;
			files = (
				7182836C1D9BA9D700BE22FA /* Assets.xcassets in Resources */,
				7182836F1D9BA9D700BE22FA /* Main.storyboard in Resources */,
			);
			runOnlyForDeploymentPostprocessing = 0;
		};
/* End PBXResourcesBuildPhase section */

/* Begin PBXSourcesBuildPhase section */
		718283601D9BA9D700BE22FA /* Sources */ = {
			isa = PBXSourcesBuildPhase;
			buildActionMask = 2147483647;
			files = (
				7182836A1D9BA9D700BE22FA /* ViewController.swift in Sources */,
				718283681D9BA9D700BE22FA /* AppDelegate.swift in Sources */,
			);
			runOnlyForDeploymentPostprocessing = 0;
		};
/* End PBXSourcesBuildPhase section */

/* Begin PBXVariantGroup section */
		7182836D1D9BA9D700BE22FA /* Main.storyboard */ = {
			isa = PBXVariantGroup;
			children = (
				7182836E1D9BA9D700BE22FA /* Base */,
			);
			name = Main.storyboard;
			sourceTree = "<group>";
		};
/* End PBXVariantGroup section */

/* Begin XCBuildConfiguration section */
		718283711D9BA9D700BE22FA /* Debug */ = {
			isa = XCBuildConfiguration;
			buildSettings = {
				ALWAYS_SEARCH_USER_PATHS = NO;
				CLANG_ANALYZER_NONNULL = YES;
				CLANG_CXX_LANGUAGE_STANDARD = "gnu++0x";
				CLANG_CXX_LIBRARY = "libc++";
				CLANG_ENABLE_MODULES = YES;
				CLANG_ENABLE_OBJC_ARC = YES;
				CLANG_WARN_BOOL_CONVERSION = YES;
				CLANG_WARN_CONSTANT_CONVERSION = YES;
				CLANG_WARN_DIRECT_OBJC_ISA_USAGE = YES_ERROR;
				CLANG_WARN_DOCUMENTATION_COMMENTS = YES;
				CLANG_WARN_EMPTY_BODY = YES;
				CLANG_WARN_ENUM_CONVERSION = YES;
				CLANG_WARN_INFINITE_RECURSION = YES;
				CLANG_WARN_INT_CONVERSION = YES;
				CLANG_WARN_OBJC_ROOT_CLASS = YES_ERROR;
				CLANG_WARN_SUSPICIOUS_MOVES = YES;
				CLANG_WARN_UNREACHABLE_CODE = YES;
				CLANG_WARN__DUPLICATE_METHOD_MATCH = YES;
				CODE_SIGN_IDENTITY = "-";
				COPY_PHASE_STRIP = NO;
				DEBUG_INFORMATION_FORMAT = dwarf;
				ENABLE_STRICT_OBJC_MSGSEND = YES;
				ENABLE_TESTABILITY = YES;
				GCC_C_LANGUAGE_STANDARD = gnu99;
				GCC_DYNAMIC_NO_PIC = NO;
				GCC_NO_COMMON_BLOCKS = YES;
				GCC_OPTIMIZATION_LEVEL = 0;
				GCC_PREPROCESSOR_DEFINITIONS = (
					"DEBUG=1",
					"$(inherited)",
				);
				GCC_WARN_64_TO_32_BIT_CONVERSION = YES;
				GCC_WARN_ABOUT_RETURN_TYPE = YES_ERROR;
				GCC_WARN_UNDECLARED_SELECTOR = YES;
				GCC_WARN_UNINITIALIZED_AUTOS = YES_AGGRESSIVE;
				GCC_WARN_UNUSED_FUNCTION = YES;
				GCC_WARN_UNUSED_VARIABLE = YES;
				MACOSX_DEPLOYMENT_TARGET = 10.11;
				MTL_ENABLE_DEBUG_INFO = YES;
				ONLY_ACTIVE_ARCH = YES;
				SDKROOT = macosx;
				SWIFT_ACTIVE_COMPILATION_CONDITIONS = DEBUG;
				SWIFT_OPTIMIZATION_LEVEL = "-Onone";
			};
			name = Debug;
		};
		718283721D9BA9D700BE22FA /* Release */ = {
			isa = XCBuildConfiguration;
			buildSettings = {
				ALWAYS_SEARCH_USER_PATHS = NO;
				CLANG_ANALYZER_NONNULL = YES;
				CLANG_CXX_LANGUAGE_STANDARD = "gnu++0x";
				CLANG_CXX_LIBRARY = "libc++";
				CLANG_ENABLE_MODULES = YES;
				CLANG_ENABLE_OBJC_ARC = YES;
				CLANG_WARN_BOOL_CONVERSION = YES;
				CLANG_WARN_CONSTANT_CONVERSION = YES;
				CLANG_WARN_DIRECT_OBJC_ISA_USAGE = YES_ERROR;
				CLANG_WARN_DOCUMENTATION_COMMENTS = YES;
				CLANG_WARN_EMPTY_BODY = YES;
				CLANG_WARN_ENUM_CONVERSION = YES;
				CLANG_WARN_INFINITE_RECURSION = YES;
				CLANG_WARN_INT_CONVERSION = YES;
				CLANG_WARN_OBJC_ROOT_CLASS = YES_ERROR;
				CLANG_WARN_SUSPICIOUS_MOVES = YES;
				CLANG_WARN_UNREACHABLE_CODE = YES;
				CLANG_WARN__DUPLICATE_METHOD_MATCH = YES;
				CODE_SIGN_IDENTITY = "-";
				COPY_PHASE_STRIP = NO;
				DEBUG_INFORMATION_FORMAT = "dwarf-with-dsym";
				ENABLE_NS_ASSERTIONS = NO;
				ENABLE_STRICT_OBJC_MSGSEND = YES;
				GCC_C_LANGUAGE_STANDARD = gnu99;
				GCC_NO_COMMON_BLOCKS = YES;
				GCC_WARN_64_TO_32_BIT_CONVERSION = YES;
				GCC_WARN_ABOUT_RETURN_TYPE = YES_ERROR;
				GCC_WARN_UNDECLARED_SELECTOR = YES;
				GCC_WARN_UNINITIALIZED_AUTOS = YES_AGGRESSIVE;
				GCC_WARN_UNUSED_FUNCTION = YES;
				GCC_WARN_UNUSED_VARIABLE = YES;
				MACOSX_DEPLOYMENT_TARGET = 10.11;
				MTL_ENABLE_DEBUG_INFO = NO;
				SDKROOT = macosx;
				SWIFT_OPTIMIZATION_LEVEL = "-Owholemodule";
			};
			name = Release;
		};
		718283741D9BA9D700BE22FA /* Debug */ = {
			isa = XCBuildConfiguration;
			buildSettings = {
				ASSETCATALOG_COMPILER_APPICON_NAME = AppIcon;
				CODE_SIGN_IDENTITY = "";
				CODE_SIGN_STYLE = Manual;
				COMBINE_HIDPI_IMAGES = YES;
				DEVELOPMENT_TEAM = "";
				INFOPLIST_FILE = HTTPFileDownUpload/Info.plist;
				LD_RUNPATH_SEARCH_PATHS = "$(inherited) @executable_path/../Frameworks";
				PRODUCT_BUNDLE_IDENTIFIER = app.io.HTTPFileDownUpload;
				PRODUCT_NAME = "$(TARGET_NAME)";
				PROVISIONING_PROFILE_SPECIFIER = "";
				SWIFT_SWIFT3_OBJC_INFERENCE = On;
				SWIFT_VERSION = 4.0;
			};
			name = Debug;
		};
		718283751D9BA9D700BE22FA /* Release */ = {
			isa = XCBuildConfiguration;
			buildSettings = {
				ASSETCATALOG_COMPILER_APPICON_NAME = AppIcon;
				CODE_SIGN_IDENTITY = "";
				CODE_SIGN_STYLE = Manual;
				COMBINE_HIDPI_IMAGES = YES;
				DEVELOPMENT_TEAM = "";
				INFOPLIST_FILE = HTTPFileDownUpload/Info.plist;
				LD_RUNPATH_SEARCH_PATHS = "$(inherited) @executable_path/../Frameworks";
				PRODUCT_BUNDLE_IDENTIFIER = app.io.HTTPFileDownUpload;
				PRODUCT_NAME = "$(TARGET_NAME)";
				PROVISIONING_PROFILE_SPECIFIER = "";
				SWIFT_SWIFT3_OBJC_INFERENCE = On;
				SWIFT_VERSION = 4.0;
			};
			name = Release;
		};
/* End XCBuildConfiguration section */

/* Begin XCConfigurationList section */
		7182835F1D9BA9D700BE22FA /* Build configuration list for PBXProject "HTTPFileDownUpload" */ = {
			isa = XCConfigurationList;
			buildConfigurations = (
				718283711D9BA9D700BE22FA /* Debug */,
				718283721D9BA9D700BE22FA /* Release */,
			);
			defaultConfigurationIsVisible = 0;
			defaultConfigurationName = Release;
		};
		718283731D9BA9D700BE22FA /* Build configuration list for PBXNativeTarget "HTTPFileDownUpload" */ = {
			isa = XCConfigurationList;
			buildConfigurations = (
				718283741D9BA9D700BE22FA /* Debug */,
				718283751D9BA9D700BE22FA /* Release */,
			);
			defaultConfigurationIsVisible = 0;
			defaultConfigurationName = Release;
		};
/* End XCConfigurationList section */
	};
	rootObject = 7182835C1D9BA9D700BE22FA /* Project object */;
}
