// !$*UTF8*$!
{
	archiveVersion = 1;
	classes = {
	};
	objectVersion = 46;
	objects = {

/* Begin PBXBuildFile section */
		425B0F381FA75248006DCA85 /* XXXBonjourNetWork.framework in CopyFiles */ = {isa = PBXBuildFile; fileRef = 425B0F311FA7517C006DCA85 /* XXXBonjourNetWork.framework */; settings = {ATTRIBUTES = (CodeSignOnCopy, RemoveHeadersOnCopy, ); }; };
		425B0F3A1FA7527C006DCA85 /* XXXBonjourNetWork.framework in Frameworks */ = {isa = PBXBuildFile; fileRef = 425B0F311FA7517C006DCA85 /* XXXBonjourNetWork.framework */; };
		71D0FAE91DBC639900CA42D9 /* AppDelegate.swift in Sources */ = {isa = PBXBuildFile; fileRef = 71D0FAE81DBC639900CA42D9 /* AppDelegate.swift */; };
		71D0FAEB1DBC639900CA42D9 /* ViewController.swift in Sources */ = {isa = PBXBuildFile; fileRef = 71D0FAEA1DBC639900CA42D9 /* ViewController.swift */; };
		71D0FAED1DBC639900CA42D9 /* Assets.xcassets in Resources */ = {isa = PBXBuildFile; fileRef = 71D0FAEC1DBC639900CA42D9 /* Assets.xcassets */; };
		71D0FAF01DBC639900CA42D9 /* Main.storyboard in Resources */ = {isa = PBXBuildFile; fileRef = 71D0FAEE1DBC639900CA42D9 /* Main.storyboard */; };
/* End PBXBuildFile section */

/* Begin PBXCopyFilesBuildPhase section */
		425B0F371FA75241006DCA85 /* CopyFiles */ = {
			isa = PBXCopyFilesBuildPhase;
			buildActionMask = 2147483647;
			dstPath = "";
			dstSubfolderSpec = 10;
			files = (
				425B0F381FA75248006DCA85 /* XXXBonjourNetWork.framework in CopyFiles */,
			);
			runOnlyForDeploymentPostprocessing = 0;
		};
/* End PBXCopyFilesBuildPhase section */

/* Begin PBXFileReference section */
		425B0F311FA7517C006DCA85 /* XXXBonjourNetWork.framework */ = {isa = PBXFileReference; lastKnownFileType = wrapper.framework; path = XXXBonjourNetWork.framework; sourceTree = "<group>"; };
		71D0FAE51DBC639900CA42D9 /* XXXBonjourNetWorkManagerTest.app */ = {isa = PBXFileReference; explicitFileType = wrapper.application; includeInIndex = 0; path = XXXBonjourNetWorkManagerTest.app; sourceTree = BUILT_PRODUCTS_DIR; };
		71D0FAE81DBC639900CA42D9 /* AppDelegate.swift */ = {isa = PBXFileReference; lastKnownFileType = sourcecode.swift; path = AppDelegate.swift; sourceTree = "<group>"; };
		71D0FAEA1DBC639900CA42D9 /* ViewController.swift */ = {isa = PBXFileReference; lastKnownFileType = sourcecode.swift; path = ViewController.swift; sourceTree = "<group>"; };
		71D0FAEC1DBC639900CA42D9 /* Assets.xcassets */ = {isa = PBXFileReference; lastKnownFileType = folder.assetcatalog; path = Assets.xcassets; sourceTree = "<group>"; };
		71D0FAEF1DBC639900CA42D9 /* Base */ = {isa = PBXFileReference; lastKnownFileType = file.storyboard; name = Base; path = Base.lproj/Main.storyboard; sourceTree = "<group>"; };
		71D0FAF11DBC639900CA42D9 /* Info.plist */ = {isa = PBXFileReference; lastKnownFileType = text.plist.xml; path = Info.plist; sourceTree = "<group>"; };
/* End PBXFileReference section */

/* Begin PBXFrameworksBuildPhase section */
		71D0FAE21DBC639900CA42D9 /* Frameworks */ = {
			isa = PBXFrameworksBuildPhase;
			buildActionMask = 2147483647;
			files = (
				425B0F3A1FA7527C006DCA85 /* XXXBonjourNetWork.framework in Frameworks */,
			);
			runOnlyForDeploymentPostprocessing = 0;
		};
/* End PBXFrameworksBuildPhase section */

/* Begin PBXGroup section */
		425B0F391FA7527C006DCA85 /* Frameworks */ = {
			isa = PBXGroup;
			children = (
			);
			name = Frameworks;
			sourceTree = "<group>";
		};
		71D0FADC1DBC639900CA42D9 = {
			isa = PBXGroup;
			children = (
				71D0FAE71DBC639900CA42D9 /* XXXBonjourNetWorkManagerTest */,
				71D0FAE61DBC639900CA42D9 /* Products */,
				425B0F391FA7527C006DCA85 /* Frameworks */,
			);
			sourceTree = "<group>";
		};
		71D0FAE61DBC639900CA42D9 /* Products */ = {
			isa = PBXGroup;
			children = (
				71D0FAE51DBC639900CA42D9 /* XXXBonjourNetWorkManagerTest.app */,
			);
			name = Products;
			sourceTree = "<group>";
		};
		71D0FAE71DBC639900CA42D9 /* XXXBonjourNetWorkManagerTest */ = {
			isa = PBXGroup;
			children = (
				71D0FAE81DBC639900CA42D9 /* AppDelegate.swift */,
				71D0FAEA1DBC639900CA42D9 /* ViewController.swift */,
				425B0F311FA7517C006DCA85 /* XXXBonjourNetWork.framework */,
				71D0FAEC1DBC639900CA42D9 /* Assets.xcassets */,
				71D0FAEE1DBC639900CA42D9 /* Main.storyboard */,
				71D0FAF11DBC639900CA42D9 /* Info.plist */,
			);
			path = XXXBonjourNetWorkManagerTest;
			sourceTree = "<group>";
		};
/* End PBXGroup section */

/* Begin PBXNativeTarget section */
		71D0FAE41DBC639900CA42D9 /* XXXBonjourNetWorkManagerTest */ = {
			isa = PBXNativeTarget;
			buildConfigurationList = 71D0FAF41DBC639900CA42D9 /* Build configuration list for PBXNativeTarget "XXXBonjourNetWorkManagerTest" */;
			buildPhases = (
				71D0FAE11DBC639900CA42D9 /* Sources */,
				71D0FAE21DBC639900CA42D9 /* Frameworks */,
				71D0FAE31DBC639900CA42D9 /* Resources */,
				425B0F371FA75241006DCA85 /* CopyFiles */,
			);
			buildRules = (
			);
			dependencies = (
			);
			name = XXXBonjourNetWorkManagerTest;
			productName = XXXBonjourNetWorkManagerTest;
			productReference = 71D0FAE51DBC639900CA42D9 /* XXXBonjourNetWorkManagerTest.app */;
			productType = "com.apple.product-type.application";
		};
/* End PBXNativeTarget section */

/* Begin PBXProject section */
		71D0FADD1DBC639900CA42D9 /* Project object */ = {
			isa = PBXProject;
			attributes = {
				LastSwiftUpdateCheck = 0800;
				LastUpgradeCheck = 0800;
				ORGANIZATIONNAME = macdev;
				TargetAttributes = {
					71D0FAE41DBC639900CA42D9 = {
						CreatedOnToolsVersion = 8.0;
						ProvisioningStyle = Manual;
					};
				};
			};
			buildConfigurationList = 71D0FAE01DBC639900CA42D9 /* Build configuration list for PBXProject "XXXBonjourNetWorkManagerTest" */;
			compatibilityVersion = "Xcode 3.2";
			developmentRegion = English;
			hasScannedForEncodings = 0;
			knownRegions = (
				en,
				Base,
			);
			mainGroup = 71D0FADC1DBC639900CA42D9;
			productRefGroup = 71D0FAE61DBC639900CA42D9 /* Products */;
			projectDirPath = "";
			projectRoot = "";
			targets = (
				71D0FAE41DBC639900CA42D9 /* XXXBonjourNetWorkManagerTest */,
			);
		};
/* End PBXProject section */

/* Begin PBXResourcesBuildPhase section */
		71D0FAE31DBC639900CA42D9 /* Resources */ = {
			isa = PBXResourcesBuildPhase;
			buildActionMask = 2147483647;
			files = (
				71D0FAED1DBC639900CA42D9 /* Assets.xcassets in Resources */,
				71D0FAF01DBC639900CA42D9 /* Main.storyboard in Resources */,
			);
			runOnlyForDeploymentPostprocessing = 0;
		};
/* End PBXResourcesBuildPhase section */

/* Begin PBXSourcesBuildPhase section */
		71D0FAE11DBC639900CA42D9 /* Sources */ = {
			isa = PBXSourcesBuildPhase;
			buildActionMask = 2147483647;
			files = (
				71D0FAEB1DBC639900CA42D9 /* ViewController.swift in Sources */,
				71D0FAE91DBC639900CA42D9 /* AppDelegate.swift in Sources */,
			);
			runOnlyForDeploymentPostprocessing = 0;
		};
/* End PBXSourcesBuildPhase section */

/* Begin PBXVariantGroup section */
		71D0FAEE1DBC639900CA42D9 /* Main.storyboard */ = {
			isa = PBXVariantGroup;
			children = (
				71D0FAEF1DBC639900CA42D9 /* Base */,
			);
			name = Main.storyboard;
			sourceTree = "<group>";
		};
/* End PBXVariantGroup section */

/* Begin XCBuildConfiguration section */
		71D0FAF21DBC639900CA42D9 /* Debug */ = {
			isa = XCBuildConfiguration;
			buildSettings = {
				ALWAYS_SEARCH_USER_PATHS = NO;
				CLANG_ANALYZER_NONNULL = YES;
				CLANG_CXX_LANGUAGE_STANDARD = "gnu++0x";
				CLANG_CXX_LIBRARY = "libc++";
				CLANG_ENABLE_MODULES = YES;
				CLANG_ENABLE_OBJC_ARC = YES;
				CLANG_WARN_BOOL_CONVERSION = YES;
				CLANG_WARN_CONSTANT_CONVERSION = YES;
				CLANG_WARN_DIRECT_OBJC_ISA_USAGE = YES_ERROR;
				CLANG_WARN_DOCUMENTATION_COMMENTS = YES;
				CLANG_WARN_EMPTY_BODY = YES;
				CLANG_WARN_ENUM_CONVERSION = YES;
				CLANG_WARN_INFINITE_RECURSION = YES;
				CLANG_WARN_INT_CONVERSION = YES;
				CLANG_WARN_OBJC_ROOT_CLASS = YES_ERROR;
				CLANG_WARN_SUSPICIOUS_MOVES = YES;
				CLANG_WARN_UNREACHABLE_CODE = YES;
				CLANG_WARN__DUPLICATE_METHOD_MATCH = YES;
				CODE_SIGN_IDENTITY = "-";
				COPY_PHASE_STRIP = NO;
				DEBUG_INFORMATION_FORMAT = dwarf;
				ENABLE_STRICT_OBJC_MSGSEND = YES;
				ENABLE_TESTABILITY = YES;
				GCC_C_LANGUAGE_STANDARD = gnu99;
				GCC_DYNAMIC_NO_PIC = NO;
				GCC_NO_COMMON_BLOCKS = YES;
				GCC_OPTIMIZATION_LEVEL = 0;
				GCC_PREPROCESSOR_DEFINITIONS = (
					"DEBUG=1",
					"$(inherited)",
				);
				GCC_WARN_64_TO_32_BIT_CONVERSION = YES;
				GCC_WARN_ABOUT_RETURN_TYPE = YES_ERROR;
				GCC_WARN_UNDECLARED_SELECTOR = YES;
				GCC_WARN_UNINITIALIZED_AUTOS = YES_AGGRESSIVE;
				GCC_WARN_UNUSED_FUNCTION = YES;
				GCC_WARN_UNUSED_VARIABLE = YES;
				MACOSX_DEPLOYMENT_TARGET = 10.11;
				MTL_ENABLE_DEBUG_INFO = YES;
				ONLY_ACTIVE_ARCH = YES;
				SDKROOT = macosx;
				SWIFT_ACTIVE_COMPILATION_CONDITIONS = DEBUG;
				SWIFT_OPTIMIZATION_LEVEL = "-Onone";
			};
			name = Debug;
		};
		71D0FAF31DBC639900CA42D9 /* Release */ = {
			isa = XCBuildConfiguration;
			buildSettings = {
				ALWAYS_SEARCH_USER_PATHS = NO;
				CLANG_ANALYZER_NONNULL = YES;
				CLANG_CXX_LANGUAGE_STANDARD = "gnu++0x";
				CLANG_CXX_LIBRARY = "libc++";
				CLANG_ENABLE_MODULES = YES;
				CLANG_ENABLE_OBJC_ARC = YES;
				CLANG_WARN_BOOL_CONVERSION = YES;
				CLANG_WARN_CONSTANT_CONVERSION = YES;
				CLANG_WARN_DIRECT_OBJC_ISA_USAGE = YES_ERROR;
				CLANG_WARN_DOCUMENTATION_COMMENTS = YES;
				CLANG_WARN_EMPTY_BODY = YES;
				CLANG_WARN_ENUM_CONVERSION = YES;
				CLANG_WARN_INFINITE_RECURSION = YES;
				CLANG_WARN_INT_CONVERSION = YES;
				CLANG_WARN_OBJC_ROOT_CLASS = YES_ERROR;
				CLANG_WARN_SUSPICIOUS_MOVES = YES;
				CLANG_WARN_UNREACHABLE_CODE = YES;
				CLANG_WARN__DUPLICATE_METHOD_MATCH = YES;
				CODE_SIGN_IDENTITY = "-";
				COPY_PHASE_STRIP = NO;
				DEBUG_INFORMATION_FORMAT = "dwarf-with-dsym";
				ENABLE_NS_ASSERTIONS = NO;
				ENABLE_STRICT_OBJC_MSGSEND = YES;
				GCC_C_LANGUAGE_STANDARD = gnu99;
				GCC_NO_COMMON_BLOCKS = YES;
				GCC_WARN_64_TO_32_BIT_CONVERSION = YES;
				GCC_WARN_ABOUT_RETURN_TYPE = YES_ERROR;
				GCC_WARN_UNDECLARED_SELECTOR = YES;
				GCC_WARN_UNINITIALIZED_AUTOS = YES_AGGRESSIVE;
				GCC_WARN_UNUSED_FUNCTION = YES;
				GCC_WARN_UNUSED_VARIABLE = YES;
				MACOSX_DEPLOYMENT_TARGET = 10.11;
				MTL_ENABLE_DEBUG_INFO = NO;
				SDKROOT = macosx;
				SWIFT_OPTIMIZATION_LEVEL = "-Owholemodule";
			};
			name = Release;
		};
		71D0FAF51DBC639900CA42D9 /* Debug */ = {
			isa = XCBuildConfiguration;
			buildSettings = {
				ASSETCATALOG_COMPILER_APPICON_NAME = AppIcon;
				CODE_SIGN_IDENTITY = "";
				CODE_SIGN_STYLE = Manual;
				COMBINE_HIDPI_IMAGES = YES;
				DEVELOPMENT_TEAM = "";
				FRAMEWORK_SEARCH_PATHS = (
					"$(inherited)",
					"$(PROJECT_DIR)/XXXBonjourNetWorkManagerTest",
				);
				INFOPLIST_FILE = XXXBonjourNetWorkManagerTest/Info.plist;
				LD_RUNPATH_SEARCH_PATHS = "$(inherited) @executable_path/../Frameworks";
				OTHER_CODE_SIGN_FLAGS = "--deep";
				PRODUCT_BUNDLE_IDENTIFIER = app.io.XXXBonjourNetWorkManagerTest;
				PRODUCT_NAME = "$(TARGET_NAME)";
				PROVISIONING_PROFILE_SPECIFIER = "";
				SWIFT_VERSION = 3.0;
			};
			name = Debug;
		};
		71D0FAF61DBC639900CA42D9 /* Release */ = {
			isa = XCBuildConfiguration;
			buildSettings = {
				ASSETCATALOG_COMPILER_APPICON_NAME = AppIcon;
				CODE_SIGN_IDENTITY = "";
				CODE_SIGN_STYLE = Manual;
				COMBINE_HIDPI_IMAGES = YES;
				DEVELOPMENT_TEAM = "";
				FRAMEWORK_SEARCH_PATHS = (
					"$(inherited)",
					"$(PROJECT_DIR)/XXXBonjourNetWorkManagerTest",
				);
				INFOPLIST_FILE = XXXBonjourNetWorkManagerTest/Info.plist;
				LD_RUNPATH_SEARCH_PATHS = "$(inherited) @executable_path/../Frameworks";
				OTHER_CODE_SIGN_FLAGS = "--deep";
				PRODUCT_BUNDLE_IDENTIFIER = app.io.XXXBonjourNetWorkManagerTest;
				PRODUCT_NAME = "$(TARGET_NAME)";
				PROVISIONING_PROFILE_SPECIFIER = "";
				SWIFT_VERSION = 3.0;
			};
			name = Release;
		};
/* End XCBuildConfiguration section */

/* Begin XCConfigurationList section */
		71D0FAE01DBC639900CA42D9 /* Build configuration list for PBXProject "XXXBonjourNetWorkManagerTest" */ = {
			isa = XCConfigurationList;
			buildConfigurations = (
				71D0FAF21DBC639900CA42D9 /* Debug */,
				71D0FAF31DBC639900CA42D9 /* Release */,
			);
			defaultConfigurationIsVisible = 0;
			defaultConfigurationName = Release;
		};
		71D0FAF41DBC639900CA42D9 /* Build configuration list for PBXNativeTarget "XXXBonjourNetWorkManagerTest" */ = {
			isa = XCConfigurationList;
			buildConfigurations = (
				71D0FAF51DBC639900CA42D9 /* Debug */,
				71D0FAF61DBC639900CA42D9 /* Release */,
			);
			defaultConfigurationIsVisible = 0;
			defaultConfigurationName = Release;
		};
/* End XCConfigurationList section */
	};
	rootObject = 71D0FADD1DBC639900CA42D9 /* Project object */;
}
